<?xml version="1.0" encoding="utf-8"?>
<Project ToolsVersion="4.0" xmlns="http://schemas.microsoft.com/developer/msbuild/2003">
  <ItemGroup>
    <Filter Include="Source Files">
      <UniqueIdentifier>{c09f5393-739f-4ca5-a9b1-3806e0aebf63}</UniqueIdentifier>
      <Extensions>cpp;c;cxx;rc;def;r;odl;idl;hpj;bat</Extensions>
    </Filter>
    <Filter Include="Header Files">
      <UniqueIdentifier>{95d8b59a-3519-45a9-ae10-239f65a41a61}</UniqueIdentifier>
      <Extensions>h;hpp;hxx;hm;inl</Extensions>
    </Filter>
  </ItemGroup>
  <ItemGroup>
    <ClCompile Include="src\AlertLib.cpp">
      <Filter>Source Files</Filter>
    </ClCompile>
    <ClCompile Include="src\AlertUtil.cpp">
      <Filter>Source Files</Filter>
    </ClCompile>
    <ClCompile Include="src\coneiso.cpp">
      <Filter>Source Files</Filter>
    </ClCompile>
    <ClCompile Include="src\getopt.c">
      <Filter>Source Files</Filter>
    </ClCompile>
    <ClCompile Include="src\helper.cpp">
      <Filter>Source Files</Filter>
    </ClCompile>
    <ClCompile Include="src\mseq.cpp">
      <Filter>Source Files</Filter>
    </ClCompile>
    <ClCompile Include="src\RegHelper.cpp">
      <Filter>Source Files</Filter>
    </ClCompile>
    <ClCompile Include="src\Registry.cpp">
      <Filter>Source Files</Filter>
    </ClCompile>
    <ClCompile Include="src\stopwatch.cpp">
      <Filter>Source Files</Filter>
    </ClCompile>
    <ClCompile Include="src\alert-argp.cpp">
      <Filter>Source Files</Filter>
    </ClCompile>
    <ClCompile Include="src\ARvsg.cpp">
      <Filter>Source Files</Filter>
    </ClCompile>
    <ClCompile Include="src\ARtypes.cpp">
      <Filter>Source Files</Filter>
    </ClCompile>
  </ItemGroup>
  <ItemGroup>
    <ClInclude Include="include\Alertlib.h">
      <Filter>Header Files</Filter>
    </ClInclude>
    <ClInclude Include="include\AlertUtil.h">
      <Filter>Header Files</Filter>
    </ClInclude>
    <ClInclude Include="coneiso.h">
      <Filter>Header Files</Filter>
    </ClInclude>
    <ClInclude Include="include\getopt.h">
      <Filter>Header Files</Filter>
    </ClInclude>
    <ClInclude Include="include\RegEntry.h">
      <Filter>Header Files</Filter>
    </ClInclude>
    <ClInclude Include="include\RegHelper.h">
      <Filter>Header Files</Filter>
    </ClInclude>
    <ClInclude Include="include\Registry.h">
      <Filter>Header Files</Filter>
    </ClInclude>
    <ClInclude Include="include\stopwatch.h">
      <Filter>Header Files</Filter>
    </ClInclude>
    <ClInclude Include="include\fetcher.h">
      <Filter>Header Files</Filter>
    </ClInclude>
    <ClInclude Include="include\alert-argp.h">
      <Filter>Header Files</Filter>
    </ClInclude>
    <ClInclude Include="include\ARvsg.h">
      <Filter>Header Files</Filter>
    </ClInclude>
    <ClInclude Include="include\ARtypes.h">
      <Filter>Header Files</Filter>
    </ClInclude>
  </ItemGroup>
  <ItemGroup>
    <Text Include="README.txt" />
  </ItemGroup>
</Project>