
Microsoft Visual Studio Solution File, Format Version 10.00
# Visual Studio 2008
Project("{8BC9CEB8-8B4A-11D0-8D11-00A0C91BC942}") = "ASLCalibration", "ASLCalibration\ASLCalibration.vcproj", "{7F926F8E-1911-4AFD-834F-E0C0F1137C2E}"
	ProjectSection(ProjectDependencies) = postProject
		{E7D13D4D-A7AD-46B3-A513-BC9B6297E6D3} = {E7D13D4D-A7AD-46B3-A513-BC9B6297E6D3}
	EndProjectSection
EndProject
Project("{8BC9CEB8-8B4A-11D0-8D11-00A0C91BC942}") = "AcuteFFFlash", "AcuteFFFlash\AcuteFFFlash.vcproj", "{EB95A0BE-EF27-4207-8A50-0DC92BB8F401}"
	ProjectSection(ProjectDependencies) = postProject
		{E7D13D4D-A7AD-46B3-A513-BC9B6297E6D3} = {E7D13D4D-A7AD-46B3-A513-BC9B6297E6D3}
	EndProjectSection
EndProject
Project("{8BC9CEB8-8B4A-11D0-8D11-00A0C91BC942}") = "Attention", "Attention\Attention.vcproj", "{7574C6F9-5D6D-45AD-BB40-AF4E1ACAC4C8}"
	ProjectSection(ProjectDependencies) = postProject
		{E7D13D4D-A7AD-46B3-A513-BC9B6297E6D3} = {E7D13D4D-A7AD-46B3-A513-BC9B6297E6D3}
	EndProjectSection
EndProject
Project("{8BC9CEB8-8B4A-11D0-8D11-00A0C91BC942}") = "CableTest", "CableTest\CableTest.vcproj", "{AC84952D-2486-4428-AD3C-3AC96C86F1BE}"
	ProjectSection(ProjectDependencies) = postProject
		{E7D13D4D-A7AD-46B3-A513-BC9B6297E6D3} = {E7D13D4D-A7AD-46B3-A513-BC9B6297E6D3}
	EndProjectSection
EndProject
Project("{8BC9CEB8-8B4A-11D0-8D11-00A0C91BC942}") = "ClearTrigger", "ClearTrigger\ClearTrigger.vcproj", "{DDBAFB37-DB73-4513-B639-D9F25804535C}"
	ProjectSection(ProjectDependencies) = postProject
		{E7D13D4D-A7AD-46B3-A513-BC9B6297E6D3} = {E7D13D4D-A7AD-46B3-A513-BC9B6297E6D3}
	EndProjectSection
EndProject
Project("{8BC9CEB8-8B4A-11D0-8D11-00A0C91BC942}") = "crg", "ContrastReverse\ContrastReverse.vcproj", "{E2250E44-CE86-435F-8260-6327FF13F44B}"
	ProjectSection(ProjectDependencies) = postProject
		{E7D13D4D-A7AD-46B3-A513-BC9B6297E6D3} = {E7D13D4D-A7AD-46B3-A513-BC9B6297E6D3}
	EndProjectSection
EndProject
Project("{8BC9CEB8-8B4A-11D0-8D11-00A0C91BC942}") = "CoolMouse", "CoolMouse\CoolMouse.vcproj", "{49D4DCA3-E069-4936-A6CB-4759BA445FF3}"
	ProjectSection(ProjectDependencies) = postProject
		{E7D13D4D-A7AD-46B3-A513-BC9B6297E6D3} = {E7D13D4D-A7AD-46B3-A513-BC9B6297E6D3}
	EndProjectSection
EndProject
Project("{8BC9CEB8-8B4A-11D0-8D11-00A0C91BC942}") = "Fixation", "Fixation\Fixation.vcproj", "{EFE28463-44C2-46F3-81CB-785E2D8D2227}"
	ProjectSection(ProjectDependencies) = postProject
		{E7D13D4D-A7AD-46B3-A513-BC9B6297E6D3} = {E7D13D4D-A7AD-46B3-A513-BC9B6297E6D3}
	EndProjectSection
EndProject
Project("{8BC9CEB8-8B4A-11D0-8D11-00A0C91BC942}") = "MultiGrating", "MultiGrating\MultiGrating.vcproj", "{2B3E73FA-CA23-4575-A7E5-038025441035}"
	ProjectSection(ProjectDependencies) = postProject
		{E7D13D4D-A7AD-46B3-A513-BC9B6297E6D3} = {E7D13D4D-A7AD-46B3-A513-BC9B6297E6D3}
	EndProjectSection
EndProject
Project("{8BC9CEB8-8B4A-11D0-8D11-00A0C91BC942}") = "StarStim", "StarStim\StarStim.vcproj", "{43ACFF80-3B82-412D-8A33-F43D89D48E79}"
	ProjectSection(ProjectDependencies) = postProject
		{E7D13D4D-A7AD-46B3-A513-BC9B6297E6D3} = {E7D13D4D-A7AD-46B3-A513-BC9B6297E6D3}
	EndProjectSection
EndProject
Project("{8BC9CEB8-8B4A-11D0-8D11-00A0C91BC942}") = "TimingTest", "TimingTest\TimingTest.vcproj", "{5DAE9BDC-091A-44D1-BC03-69694A00B954}"
	ProjectSection(ProjectDependencies) = postProject
		{E7D13D4D-A7AD-46B3-A513-BC9B6297E6D3} = {E7D13D4D-A7AD-46B3-A513-BC9B6297E6D3}
	EndProjectSection
EndProject
Project("{8BC9CEB8-8B4A-11D0-8D11-00A0C91BC942}") = "Tuning", "Tuning\Tuning.vcproj", "{181A1034-6B81-4818-A73A-A7DD4A8C7C8D}"
	ProjectSection(ProjectDependencies) = postProject
		{E7D13D4D-A7AD-46B3-A513-BC9B6297E6D3} = {E7D13D4D-A7AD-46B3-A513-BC9B6297E6D3}
	EndProjectSection
EndProject
Project("{8BC9CEB8-8B4A-11D0-8D11-00A0C91BC942}") = "TuningCurve", "TuningCurve\TuningCurve.vcproj", "{0805BC6D-5D21-4E28-84C2-286C454B5AE0}"
EndProject
Project("{8BC9CEB8-8B4A-11D0-8D11-00A0C91BC942}") = "affflash", "affflash\affflash.vcproj", "{C3C0D8FA-B859-497C-8872-126AEA1C89DE}"
	ProjectSection(ProjectDependencies) = postProject
		{E7D13D4D-A7AD-46B3-A513-BC9B6297E6D3} = {E7D13D4D-A7AD-46B3-A513-BC9B6297E6D3}
	EndProjectSection
EndProject
Project("{8BC9CEB8-8B4A-11D0-8D11-00A0C91BC942}") = "alertlib", "alertlib\alertlib.vcproj", "{E7D13D4D-A7AD-46B3-A513-BC9B6297E6D3}"
EndProject
Project("{8BC9CEB8-8B4A-11D0-8D11-00A0C91BC942}") = "alertmseq", "alertmseq\alertmseq.vcproj", "{FBBE899F-75DA-4AD7-B495-C70770675749}"
	ProjectSection(ProjectDependencies) = postProject
		{E7D13D4D-A7AD-46B3-A513-BC9B6297E6D3} = {E7D13D4D-A7AD-46B3-A513-BC9B6297E6D3}
	EndProjectSection
EndProject
Project("{8BC9CEB8-8B4A-11D0-8D11-00A0C91BC942}") = "colorflash", "colorflash\colorflash.vcproj", "{ACABBAEE-BBEC-49FC-82BA-4B302F049916}"
	ProjectSection(ProjectDependencies) = postProject
		{E7D13D4D-A7AD-46B3-A513-BC9B6297E6D3} = {E7D13D4D-A7AD-46B3-A513-BC9B6297E6D3}
	EndProjectSection
EndProject
Project("{8BC9CEB8-8B4A-11D0-8D11-00A0C91BC942}") = "example1", "example1\example1.vcproj", "{368415DB-81C9-4089-91EF-A367F003B077}"
	ProjectSection(ProjectDependencies) = postProject
		{E7D13D4D-A7AD-46B3-A513-BC9B6297E6D3} = {E7D13D4D-A7AD-46B3-A513-BC9B6297E6D3}
	EndProjectSection
EndProject
Project("{8BC9CEB8-8B4A-11D0-8D11-00A0C91BC942}") = "example2", "example2\example2.vcproj", "{D9411327-0D1B-48BF-BB65-1F8A1D2600F3}"
	ProjectSection(ProjectDependencies) = postProject
		{E7D13D4D-A7AD-46B3-A513-BC9B6297E6D3} = {E7D13D4D-A7AD-46B3-A513-BC9B6297E6D3}
	EndProjectSection
EndProject
Project("{8BC9CEB8-8B4A-11D0-8D11-00A0C91BC942}") = "mouse3", "mouse3\mouse3.vcproj", "{76CB8CEA-E2AD-4553-AD69-A9CC2E2A863B}"
	ProjectSection(ProjectDependencies) = postProject
		{E7D13D4D-A7AD-46B3-A513-BC9B6297E6D3} = {E7D13D4D-A7AD-46B3-A513-BC9B6297E6D3}
	EndProjectSection
EndProject
Project("{8BC9CEB8-8B4A-11D0-8D11-00A0C91BC942}") = "simpler", "simpler\simpler.vcproj", "{D2258A72-8F5E-497B-BBE2-9ACAFE2B1CA6}"
EndProject
Project("{8BC9CEB8-8B4A-11D0-8D11-00A0C91BC942}") = "AcuteCoolMouse", "AcuteCoolMouse\AcuteCoolMouse.vcproj", "{00733EF4-C24A-4217-8358-B2A75BFCF15D}"
EndProject
Project("{8BC9CEB8-8B4A-11D0-8D11-00A0C91BC942}") = "NewMSequence", "NewMSequence\NewMSequence.vcproj", "{B668D1E0-F0D0-4A7D-8D2D-EB9697C9ECE1}"
EndProject
Project("{8BC9CEB8-8B4A-11D0-8D11-00A0C91BC942}") = "MsgSvr", "MsgSvr\MsgSvr.vcproj", "{55527689-ED1F-4D4F-A441-E2B9CD745369}"
EndProject
Project("{8BC9CEB8-8B4A-11D0-8D11-00A0C91BC942}") = "SendMessage", "SendMessage\SendMessage.vcproj", "{C4589EF8-8A34-4BCA-9E3C-A72C5C2877D8}"
EndProject
Project("{8BC9CEB8-8B4A-11D0-8D11-00A0C91BC942}") = "gratings", "gratings\gratings.vcproj", "{9F3C589F-BB77-4D9E-8437-40B245AAA277}"
	ProjectSection(ProjectDependencies) = postProject
		{E7D13D4D-A7AD-46B3-A513-BC9B6297E6D3} = {E7D13D4D-A7AD-46B3-A513-BC9B6297E6D3}
	EndProjectSection
EndProject
Project("{8BC9CEB8-8B4A-11D0-8D11-00A0C91BC942}") = "testreg", "testreg\testreg.vcproj", "{9FA0904A-AF35-4F85-8A7F-B102F35BB792}"
	ProjectSection(ProjectDependencies) = postProject
		{E7D13D4D-A7AD-46B3-A513-BC9B6297E6D3} = {E7D13D4D-A7AD-46B3-A513-BC9B6297E6D3}
	EndProjectSection
EndProject
Project("{8BC9CEB8-8B4A-11D0-8D11-00A0C91BC942}") = "Calibration", "Calibration\Calibration.vcproj", "{CF8042EE-EC0A-49C6-84B2-C91CAF3B84A7}"
EndProject
Project("{8BC9CEB8-8B4A-11D0-8D11-00A0C91BC942}") = "cmouse", "cmouse\cmouse.vcproj", "{B460CA5E-C340-4584-9A58-43B262C19628}"
	ProjectSection(ProjectDependencies) = postProject
		{E7D13D4D-A7AD-46B3-A513-BC9B6297E6D3} = {E7D13D4D-A7AD-46B3-A513-BC9B6297E6D3}
	EndProjectSection
EndProject
Project("{8BC9CEB8-8B4A-11D0-8D11-00A0C91BC942}") = "sparse", "sparse\sparse.vcproj", "{F211F7D3-EA85-446C-A43C-0F8939F2997E}"
	ProjectSection(ProjectDependencies) = postProject
		{E7D13D4D-A7AD-46B3-A513-BC9B6297E6D3} = {E7D13D4D-A7AD-46B3-A513-BC9B6297E6D3}
	EndProjectSection
EndProject
Project("{8BC9CEB8-8B4A-11D0-8D11-00A0C91BC942}") = "repeatmseq", "repeatmseq\repeatmseq.vcproj", "{C898D39A-A818-48F7-8FF4-58A1879C82AF}"
EndProject
Project("{8BC9CEB8-8B4A-11D0-8D11-00A0C91BC942}") = "meabw", "meabw\meabw.vcproj", "{E7BD306F-D3DC-4BF1-8567-3F8BEDAE1DAA}"
EndProject
Project("{8BC9CEB8-8B4A-11D0-8D11-00A0C91BC942}") = "meamseq", "meamseq\meamseq.vcproj", "{3608D0E9-4E15-48F8-99DE-A4E63F33DBF7}"
EndProject
Project("{8BC9CEB8-8B4A-11D0-8D11-00A0C91BC942}") = "meatuning", "meatuning\meatuning.vcproj", "{E42B0BC7-ED74-4484-B465-F6B1F88F5E47}"
	ProjectSection(ProjectDependencies) = postProject
		{E7D13D4D-A7AD-46B3-A513-BC9B6297E6D3} = {E7D13D4D-A7AD-46B3-A513-BC9B6297E6D3}
	EndProjectSection
EndProject
Project("{8BC9CEB8-8B4A-11D0-8D11-00A0C91BC942}") = "msequence", "msequence\msequence.vcproj", "{FB2421D8-2C30-4D21-BBF2-2F7ED6C0ACA7}"
	ProjectSection(ProjectDependencies) = postProject
		{E7D13D4D-A7AD-46B3-A513-BC9B6297E6D3} = {E7D13D4D-A7AD-46B3-A513-BC9B6297E6D3}
	EndProjectSection
EndProject
Project("{8BC9CEB8-8B4A-11D0-8D11-00A0C91BC942}") = "meadrift", "meadrift\meadrift.vcproj", "{A3772CFC-04D5-40D8-9210-73958832FDE5}"
EndProject
Project("{8BC9CEB8-8B4A-11D0-8D11-00A0C91BC942}") = "spacal", "spacal\spacal.vcproj", "{1D75AABD-BFEF-4FF9-9B77-953E1735F169}"
	ProjectSection(ProjectDependencies) = postProject
		{E7D13D4D-A7AD-46B3-A513-BC9B6297E6D3} = {E7D13D4D-A7AD-46B3-A513-BC9B6297E6D3}
	EndProjectSection
EndProject
Project("{8BC9CEB8-8B4A-11D0-8D11-00A0C91BC942}") = "rivalry", "rivalry\rivalry.vcproj", "{8CF6DB39-753D-4B00-B018-75133D358907}"
	ProjectSection(ProjectDependencies) = postProject
		{E7D13D4D-A7AD-46B3-A513-BC9B6297E6D3} = {E7D13D4D-A7AD-46B3-A513-BC9B6297E6D3}
	EndProjectSection
EndProject
Project("{8BC9CEB8-8B4A-11D0-8D11-00A0C91BC942}") = "fixstim", "fixstim\fixstim.vcproj", "{851D4849-9B90-45E0-B8CE-9B86FCD7A184}"
	ProjectSection(ProjectDependencies) = postProject
		{E7D13D4D-A7AD-46B3-A513-BC9B6297E6D3} = {E7D13D4D-A7AD-46B3-A513-BC9B6297E6D3}
	EndProjectSection
EndProject
Project("{8BC9CEB8-8B4A-11D0-8D11-00A0C91BC942}") = "threaded", "threaded\threaded.vcproj", "{DCA34B37-2E25-4B49-A32D-A32CC5A646C7}"
EndProject
Project("{8BC9CEB8-8B4A-11D0-8D11-00A0C91BC942}") = "cramp", "cramp\cramp.vcproj", "{1BA513C4-CC00-4F56-B206-AC22388C047A}"
	ProjectSection(ProjectDependencies) = postProject
		{E7D13D4D-A7AD-46B3-A513-BC9B6297E6D3} = {E7D13D4D-A7AD-46B3-A513-BC9B6297E6D3}
	EndProjectSection
EndProject
Project("{8BC9CEB8-8B4A-11D0-8D11-00A0C91BC942}") = "loomie", "loomie\loomie.vcproj", "{B4387555-53C7-40E6-91D8-679BD684A423}"
EndProject
Project("{8BC9CEB8-8B4A-11D0-8D11-00A0C91BC942}") = "vertibar", "vertibar\vertibar.vcproj", "{3835A512-E323-45F0-B0BC-0F17CD151A3B}"
	ProjectSection(ProjectDependencies) = postProject
		{E7D13D4D-A7AD-46B3-A513-BC9B6297E6D3} = {E7D13D4D-A7AD-46B3-A513-BC9B6297E6D3}
	EndProjectSection
EndProject
Project("{8BC9CEB8-8B4A-11D0-8D11-00A0C91BC942}") = "punctate", "punctate\punctate.vcproj", "{BDD71506-C18B-4DB9-B8CA-BEA2EC500B00}"
	ProjectSection(ProjectDependencies) = postProject
		{E7D13D4D-A7AD-46B3-A513-BC9B6297E6D3} = {E7D13D4D-A7AD-46B3-A513-BC9B6297E6D3}
	EndProjectSection
EndProject
Global
	GlobalSection(SolutionConfigurationPlatforms) = preSolution
		Debug|Win32 = Debug|Win32
		Release|Win32 = Release|Win32
		Unicode Debug|Win32 = Unicode Debug|Win32
		Unicode Release|Win32 = Unicode Release|Win32
	EndGlobalSection
	GlobalSection(ProjectConfigurationPlatforms) = postSolution
		{7F926F8E-1911-4AFD-834F-E0C0F1137C2E}.Debug|Win32.ActiveCfg = Debug|Win32
		{7F926F8E-1911-4AFD-834F-E0C0F1137C2E}.Debug|Win32.Build.0 = Debug|Win32
		{7F926F8E-1911-4AFD-834F-E0C0F1137C2E}.Release|Win32.ActiveCfg = Release|Win32
		{7F926F8E-1911-4AFD-834F-E0C0F1137C2E}.Release|Win32.Build.0 = Release|Win32
		{7F926F8E-1911-4AFD-834F-E0C0F1137C2E}.Unicode Debug|Win32.ActiveCfg = Debug|Win32
		{7F926F8E-1911-4AFD-834F-E0C0F1137C2E}.Unicode Debug|Win32.Build.0 = Debug|Win32
		{7F926F8E-1911-4AFD-834F-E0C0F1137C2E}.Unicode Release|Win32.ActiveCfg = Release|Win32
		{7F926F8E-1911-4AFD-834F-E0C0F1137C2E}.Unicode Release|Win32.Build.0 = Release|Win32
		{EB95A0BE-EF27-4207-8A50-0DC92BB8F401}.Debug|Win32.ActiveCfg = Debug|Win32
		{EB95A0BE-EF27-4207-8A50-0DC92BB8F401}.Debug|Win32.Build.0 = Debug|Win32
		{EB95A0BE-EF27-4207-8A50-0DC92BB8F401}.Release|Win32.ActiveCfg = Release|Win32
		{EB95A0BE-EF27-4207-8A50-0DC92BB8F401}.Release|Win32.Build.0 = Release|Win32
		{EB95A0BE-EF27-4207-8A50-0DC92BB8F401}.Unicode Debug|Win32.ActiveCfg = Debug|Win32
		{EB95A0BE-EF27-4207-8A50-0DC92BB8F401}.Unicode Debug|Win32.Build.0 = Debug|Win32
		{EB95A0BE-EF27-4207-8A50-0DC92BB8F401}.Unicode Release|Win32.ActiveCfg = Release|Win32
		{EB95A0BE-EF27-4207-8A50-0DC92BB8F401}.Unicode Release|Win32.Build.0 = Release|Win32
		{7574C6F9-5D6D-45AD-BB40-AF4E1ACAC4C8}.Debug|Win32.ActiveCfg = Debug|Win32
		{7574C6F9-5D6D-45AD-BB40-AF4E1ACAC4C8}.Debug|Win32.Build.0 = Debug|Win32
		{7574C6F9-5D6D-45AD-BB40-AF4E1ACAC4C8}.Release|Win32.ActiveCfg = Release|Win32
		{7574C6F9-5D6D-45AD-BB40-AF4E1ACAC4C8}.Release|Win32.Build.0 = Release|Win32
		{7574C6F9-5D6D-45AD-BB40-AF4E1ACAC4C8}.Unicode Debug|Win32.ActiveCfg = Debug|Win32
		{7574C6F9-5D6D-45AD-BB40-AF4E1ACAC4C8}.Unicode Debug|Win32.Build.0 = Debug|Win32
		{7574C6F9-5D6D-45AD-BB40-AF4E1ACAC4C8}.Unicode Release|Win32.ActiveCfg = Release|Win32
		{7574C6F9-5D6D-45AD-BB40-AF4E1ACAC4C8}.Unicode Release|Win32.Build.0 = Release|Win32
		{AC84952D-2486-4428-AD3C-3AC96C86F1BE}.Debug|Win32.ActiveCfg = Debug|Win32
		{AC84952D-2486-4428-AD3C-3AC96C86F1BE}.Debug|Win32.Build.0 = Debug|Win32
		{AC84952D-2486-4428-AD3C-3AC96C86F1BE}.Release|Win32.ActiveCfg = Release|Win32
		{AC84952D-2486-4428-AD3C-3AC96C86F1BE}.Release|Win32.Build.0 = Release|Win32
		{AC84952D-2486-4428-AD3C-3AC96C86F1BE}.Unicode Debug|Win32.ActiveCfg = Debug|Win32
		{AC84952D-2486-4428-AD3C-3AC96C86F1BE}.Unicode Debug|Win32.Build.0 = Debug|Win32
		{AC84952D-2486-4428-AD3C-3AC96C86F1BE}.Unicode Release|Win32.ActiveCfg = Release|Win32
		{AC84952D-2486-4428-AD3C-3AC96C86F1BE}.Unicode Release|Win32.Build.0 = Release|Win32
		{DDBAFB37-DB73-4513-B639-D9F25804535C}.Debug|Win32.ActiveCfg = Debug|Win32
		{DDBAFB37-DB73-4513-B639-D9F25804535C}.Debug|Win32.Build.0 = Debug|Win32
		{DDBAFB37-DB73-4513-B639-D9F25804535C}.Release|Win32.ActiveCfg = Release|Win32
		{DDBAFB37-DB73-4513-B639-D9F25804535C}.Release|Win32.Build.0 = Release|Win32
		{DDBAFB37-DB73-4513-B639-D9F25804535C}.Unicode Debug|Win32.ActiveCfg = Debug|Win32
		{DDBAFB37-DB73-4513-B639-D9F25804535C}.Unicode Debug|Win32.Build.0 = Debug|Win32
		{DDBAFB37-DB73-4513-B639-D9F25804535C}.Unicode Release|Win32.ActiveCfg = Release|Win32
		{DDBAFB37-DB73-4513-B639-D9F25804535C}.Unicode Release|Win32.Build.0 = Release|Win32
		{E2250E44-CE86-435F-8260-6327FF13F44B}.Debug|Win32.ActiveCfg = Debug|Win32
		{E2250E44-CE86-435F-8260-6327FF13F44B}.Debug|Win32.Build.0 = Debug|Win32
		{E2250E44-CE86-435F-8260-6327FF13F44B}.Release|Win32.ActiveCfg = Release|Win32
		{E2250E44-CE86-435F-8260-6327FF13F44B}.Release|Win32.Build.0 = Release|Win32
		{E2250E44-CE86-435F-8260-6327FF13F44B}.Unicode Debug|Win32.ActiveCfg = Debug|Win32
		{E2250E44-CE86-435F-8260-6327FF13F44B}.Unicode Debug|Win32.Build.0 = Debug|Win32
		{E2250E44-CE86-435F-8260-6327FF13F44B}.Unicode Release|Win32.ActiveCfg = Release|Win32
		{E2250E44-CE86-435F-8260-6327FF13F44B}.Unicode Release|Win32.Build.0 = Release|Win32
		{49D4DCA3-E069-4936-A6CB-4759BA445FF3}.Debug|Win32.ActiveCfg = Debug|Win32
		{49D4DCA3-E069-4936-A6CB-4759BA445FF3}.Debug|Win32.Build.0 = Debug|Win32
		{49D4DCA3-E069-4936-A6CB-4759BA445FF3}.Release|Win32.ActiveCfg = Release|Win32
		{49D4DCA3-E069-4936-A6CB-4759BA445FF3}.Release|Win32.Build.0 = Release|Win32
		{49D4DCA3-E069-4936-A6CB-4759BA445FF3}.Unicode Debug|Win32.ActiveCfg = Debug|Win32
		{49D4DCA3-E069-4936-A6CB-4759BA445FF3}.Unicode Debug|Win32.Build.0 = Debug|Win32
		{49D4DCA3-E069-4936-A6CB-4759BA445FF3}.Unicode Release|Win32.ActiveCfg = Release|Win32
		{49D4DCA3-E069-4936-A6CB-4759BA445FF3}.Unicode Release|Win32.Build.0 = Release|Win32
		{EFE28463-44C2-46F3-81CB-785E2D8D2227}.Debug|Win32.ActiveCfg = Debug|Win32
		{EFE28463-44C2-46F3-81CB-785E2D8D2227}.Debug|Win32.Build.0 = Debug|Win32
		{EFE28463-44C2-46F3-81CB-785E2D8D2227}.Release|Win32.ActiveCfg = Release|Win32
		{EFE28463-44C2-46F3-81CB-785E2D8D2227}.Release|Win32.Build.0 = Release|Win32
		{EFE28463-44C2-46F3-81CB-785E2D8D2227}.Unicode Debug|Win32.ActiveCfg = Debug|Win32
		{EFE28463-44C2-46F3-81CB-785E2D8D2227}.Unicode Debug|Win32.Build.0 = Debug|Win32
		{EFE28463-44C2-46F3-81CB-785E2D8D2227}.Unicode Release|Win32.ActiveCfg = Release|Win32
		{EFE28463-44C2-46F3-81CB-785E2D8D2227}.Unicode Release|Win32.Build.0 = Release|Win32
		{2B3E73FA-CA23-4575-A7E5-038025441035}.Debug|Win32.ActiveCfg = Debug|Win32
		{2B3E73FA-CA23-4575-A7E5-038025441035}.Debug|Win32.Build.0 = Debug|Win32
		{2B3E73FA-CA23-4575-A7E5-038025441035}.Release|Win32.ActiveCfg = Release|Win32
		{2B3E73FA-CA23-4575-A7E5-038025441035}.Release|Win32.Build.0 = Release|Win32
		{2B3E73FA-CA23-4575-A7E5-038025441035}.Unicode Debug|Win32.ActiveCfg = Debug|Win32
		{2B3E73FA-CA23-4575-A7E5-038025441035}.Unicode Debug|Win32.Build.0 = Debug|Win32
		{2B3E73FA-CA23-4575-A7E5-038025441035}.Unicode Release|Win32.ActiveCfg = Release|Win32
		{2B3E73FA-CA23-4575-A7E5-038025441035}.Unicode Release|Win32.Build.0 = Release|Win32
		{43ACFF80-3B82-412D-8A33-F43D89D48E79}.Debug|Win32.ActiveCfg = Debug|Win32
		{43ACFF80-3B82-412D-8A33-F43D89D48E79}.Debug|Win32.Build.0 = Debug|Win32
		{43ACFF80-3B82-412D-8A33-F43D89D48E79}.Release|Win32.ActiveCfg = Release|Win32
		{43ACFF80-3B82-412D-8A33-F43D89D48E79}.Release|Win32.Build.0 = Release|Win32
		{43ACFF80-3B82-412D-8A33-F43D89D48E79}.Unicode Debug|Win32.ActiveCfg = Debug|Win32
		{43ACFF80-3B82-412D-8A33-F43D89D48E79}.Unicode Debug|Win32.Build.0 = Debug|Win32
		{43ACFF80-3B82-412D-8A33-F43D89D48E79}.Unicode Release|Win32.ActiveCfg = Release|Win32
		{43ACFF80-3B82-412D-8A33-F43D89D48E79}.Unicode Release|Win32.Build.0 = Release|Win32
		{5DAE9BDC-091A-44D1-BC03-69694A00B954}.Debug|Win32.ActiveCfg = Debug|Win32
		{5DAE9BDC-091A-44D1-BC03-69694A00B954}.Debug|Win32.Build.0 = Debug|Win32
		{5DAE9BDC-091A-44D1-BC03-69694A00B954}.Release|Win32.ActiveCfg = Release|Win32
		{5DAE9BDC-091A-44D1-BC03-69694A00B954}.Release|Win32.Build.0 = Release|Win32
		{5DAE9BDC-091A-44D1-BC03-69694A00B954}.Unicode Debug|Win32.ActiveCfg = Debug|Win32
		{5DAE9BDC-091A-44D1-BC03-69694A00B954}.Unicode Debug|Win32.Build.0 = Debug|Win32
		{5DAE9BDC-091A-44D1-BC03-69694A00B954}.Unicode Release|Win32.ActiveCfg = Release|Win32
		{5DAE9BDC-091A-44D1-BC03-69694A00B954}.Unicode Release|Win32.Build.0 = Release|Win32
		{181A1034-6B81-4818-A73A-A7DD4A8C7C8D}.Debug|Win32.ActiveCfg = Debug|Win32
		{181A1034-6B81-4818-A73A-A7DD4A8C7C8D}.Debug|Win32.Build.0 = Debug|Win32
		{181A1034-6B81-4818-A73A-A7DD4A8C7C8D}.Release|Win32.ActiveCfg = Release|Win32
		{181A1034-6B81-4818-A73A-A7DD4A8C7C8D}.Release|Win32.Build.0 = Release|Win32
		{181A1034-6B81-4818-A73A-A7DD4A8C7C8D}.Unicode Debug|Win32.ActiveCfg = Debug|Win32
		{181A1034-6B81-4818-A73A-A7DD4A8C7C8D}.Unicode Debug|Win32.Build.0 = Debug|Win32
		{181A1034-6B81-4818-A73A-A7DD4A8C7C8D}.Unicode Release|Win32.ActiveCfg = Release|Win32
		{181A1034-6B81-4818-A73A-A7DD4A8C7C8D}.Unicode Release|Win32.Build.0 = Release|Win32
		{0805BC6D-5D21-4E28-84C2-286C454B5AE0}.Debug|Win32.ActiveCfg = Debug|Win32
		{0805BC6D-5D21-4E28-84C2-286C454B5AE0}.Debug|Win32.Build.0 = Debug|Win32
		{0805BC6D-5D21-4E28-84C2-286C454B5AE0}.Release|Win32.ActiveCfg = Release|Win32
		{0805BC6D-5D21-4E28-84C2-286C454B5AE0}.Release|Win32.Build.0 = Release|Win32
		{0805BC6D-5D21-4E28-84C2-286C454B5AE0}.Unicode Debug|Win32.ActiveCfg = Debug|Win32
		{0805BC6D-5D21-4E28-84C2-286C454B5AE0}.Unicode Debug|Win32.Build.0 = Debug|Win32
		{0805BC6D-5D21-4E28-84C2-286C454B5AE0}.Unicode Release|Win32.ActiveCfg = Release|Win32
		{0805BC6D-5D21-4E28-84C2-286C454B5AE0}.Unicode Release|Win32.Build.0 = Release|Win32
		{C3C0D8FA-B859-497C-8872-126AEA1C89DE}.Debug|Win32.ActiveCfg = Debug|Win32
		{C3C0D8FA-B859-497C-8872-126AEA1C89DE}.Debug|Win32.Build.0 = Debug|Win32
		{C3C0D8FA-B859-497C-8872-126AEA1C89DE}.Release|Win32.ActiveCfg = Release|Win32
		{C3C0D8FA-B859-497C-8872-126AEA1C89DE}.Release|Win32.Build.0 = Release|Win32
		{C3C0D8FA-B859-497C-8872-126AEA1C89DE}.Unicode Debug|Win32.ActiveCfg = Debug|Win32
		{C3C0D8FA-B859-497C-8872-126AEA1C89DE}.Unicode Debug|Win32.Build.0 = Debug|Win32
		{C3C0D8FA-B859-497C-8872-126AEA1C89DE}.Unicode Release|Win32.ActiveCfg = Release|Win32
		{C3C0D8FA-B859-497C-8872-126AEA1C89DE}.Unicode Release|Win32.Build.0 = Release|Win32
		{E7D13D4D-A7AD-46B3-A513-BC9B6297E6D3}.Debug|Win32.ActiveCfg = Debug|Win32
		{E7D13D4D-A7AD-46B3-A513-BC9B6297E6D3}.Debug|Win32.Build.0 = Debug|Win32
		{E7D13D4D-A7AD-46B3-A513-BC9B6297E6D3}.Release|Win32.ActiveCfg = Release|Win32
		{E7D13D4D-A7AD-46B3-A513-BC9B6297E6D3}.Release|Win32.Build.0 = Release|Win32
		{E7D13D4D-A7AD-46B3-A513-BC9B6297E6D3}.Unicode Debug|Win32.ActiveCfg = Debug|Win32
		{E7D13D4D-A7AD-46B3-A513-BC9B6297E6D3}.Unicode Debug|Win32.Build.0 = Debug|Win32
		{E7D13D4D-A7AD-46B3-A513-BC9B6297E6D3}.Unicode Release|Win32.ActiveCfg = Release|Win32
		{E7D13D4D-A7AD-46B3-A513-BC9B6297E6D3}.Unicode Release|Win32.Build.0 = Release|Win32
		{FBBE899F-75DA-4AD7-B495-C70770675749}.Debug|Win32.ActiveCfg = Debug|Win32
		{FBBE899F-75DA-4AD7-B495-C70770675749}.Debug|Win32.Build.0 = Debug|Win32
		{FBBE899F-75DA-4AD7-B495-C70770675749}.Release|Win32.ActiveCfg = Release|Win32
		{FBBE899F-75DA-4AD7-B495-C70770675749}.Release|Win32.Build.0 = Release|Win32
		{FBBE899F-75DA-4AD7-B495-C70770675749}.Unicode Debug|Win32.ActiveCfg = Debug|Win32
		{FBBE899F-75DA-4AD7-B495-C70770675749}.Unicode Debug|Win32.Build.0 = Debug|Win32
		{FBBE899F-75DA-4AD7-B495-C70770675749}.Unicode Release|Win32.ActiveCfg = Release|Win32
		{FBBE899F-75DA-4AD7-B495-C70770675749}.Unicode Release|Win32.Build.0 = Release|Win32
		{ACABBAEE-BBEC-49FC-82BA-4B302F049916}.Debug|Win32.ActiveCfg = Debug|Win32
		{ACABBAEE-BBEC-49FC-82BA-4B302F049916}.Debug|Win32.Build.0 = Debug|Win32
		{ACABBAEE-BBEC-49FC-82BA-4B302F049916}.Release|Win32.ActiveCfg = Release|Win32
		{ACABBAEE-BBEC-49FC-82BA-4B302F049916}.Release|Win32.Build.0 = Release|Win32
		{ACABBAEE-BBEC-49FC-82BA-4B302F049916}.Unicode Debug|Win32.ActiveCfg = Debug|Win32
		{ACABBAEE-BBEC-49FC-82BA-4B302F049916}.Unicode Debug|Win32.Build.0 = Debug|Win32
		{ACABBAEE-BBEC-49FC-82BA-4B302F049916}.Unicode Release|Win32.ActiveCfg = Release|Win32
		{ACABBAEE-BBEC-49FC-82BA-4B302F049916}.Unicode Release|Win32.Build.0 = Release|Win32
		{368415DB-81C9-4089-91EF-A367F003B077}.Debug|Win32.ActiveCfg = Debug|Win32
		{368415DB-81C9-4089-91EF-A367F003B077}.Debug|Win32.Build.0 = Debug|Win32
		{368415DB-81C9-4089-91EF-A367F003B077}.Release|Win32.ActiveCfg = Release|Win32
		{368415DB-81C9-4089-91EF-A367F003B077}.Release|Win32.Build.0 = Release|Win32
		{368415DB-81C9-4089-91EF-A367F003B077}.Unicode Debug|Win32.ActiveCfg = Debug|Win32
		{368415DB-81C9-4089-91EF-A367F003B077}.Unicode Debug|Win32.Build.0 = Debug|Win32
		{368415DB-81C9-4089-91EF-A367F003B077}.Unicode Release|Win32.ActiveCfg = Release|Win32
		{368415DB-81C9-4089-91EF-A367F003B077}.Unicode Release|Win32.Build.0 = Release|Win32
		{D9411327-0D1B-48BF-BB65-1F8A1D2600F3}.Debug|Win32.ActiveCfg = Debug|Win32
		{D9411327-0D1B-48BF-BB65-1F8A1D2600F3}.Debug|Win32.Build.0 = Debug|Win32
		{D9411327-0D1B-48BF-BB65-1F8A1D2600F3}.Release|Win32.ActiveCfg = Release|Win32
		{D9411327-0D1B-48BF-BB65-1F8A1D2600F3}.Release|Win32.Build.0 = Release|Win32
		{D9411327-0D1B-48BF-BB65-1F8A1D2600F3}.Unicode Debug|Win32.ActiveCfg = Debug|Win32
		{D9411327-0D1B-48BF-BB65-1F8A1D2600F3}.Unicode Debug|Win32.Build.0 = Debug|Win32
		{D9411327-0D1B-48BF-BB65-1F8A1D2600F3}.Unicode Release|Win32.ActiveCfg = Release|Win32
		{D9411327-0D1B-48BF-BB65-1F8A1D2600F3}.Unicode Release|Win32.Build.0 = Release|Win32
		{76CB8CEA-E2AD-4553-AD69-A9CC2E2A863B}.Debug|Win32.ActiveCfg = Debug|Win32
		{76CB8CEA-E2AD-4553-AD69-A9CC2E2A863B}.Debug|Win32.Build.0 = Debug|Win32
		{76CB8CEA-E2AD-4553-AD69-A9CC2E2A863B}.Release|Win32.ActiveCfg = Release|Win32
		{76CB8CEA-E2AD-4553-AD69-A9CC2E2A863B}.Release|Win32.Build.0 = Release|Win32
		{76CB8CEA-E2AD-4553-AD69-A9CC2E2A863B}.Unicode Debug|Win32.ActiveCfg = Debug|Win32
		{76CB8CEA-E2AD-4553-AD69-A9CC2E2A863B}.Unicode Debug|Win32.Build.0 = Debug|Win32
		{76CB8CEA-E2AD-4553-AD69-A9CC2E2A863B}.Unicode Release|Win32.ActiveCfg = Release|Win32
		{76CB8CEA-E2AD-4553-AD69-A9CC2E2A863B}.Unicode Release|Win32.Build.0 = Release|Win32
		{D2258A72-8F5E-497B-BBE2-9ACAFE2B1CA6}.Debug|Win32.ActiveCfg = Debug|Win32
		{D2258A72-8F5E-497B-BBE2-9ACAFE2B1CA6}.Debug|Win32.Build.0 = Debug|Win32
		{D2258A72-8F5E-497B-BBE2-9ACAFE2B1CA6}.Release|Win32.ActiveCfg = Release|Win32
		{D2258A72-8F5E-497B-BBE2-9ACAFE2B1CA6}.Release|Win32.Build.0 = Release|Win32
		{D2258A72-8F5E-497B-BBE2-9ACAFE2B1CA6}.Unicode Debug|Win32.ActiveCfg = Debug|Win32
		{D2258A72-8F5E-497B-BBE2-9ACAFE2B1CA6}.Unicode Debug|Win32.Build.0 = Debug|Win32
		{D2258A72-8F5E-497B-BBE2-9ACAFE2B1CA6}.Unicode Release|Win32.ActiveCfg = Release|Win32
		{D2258A72-8F5E-497B-BBE2-9ACAFE2B1CA6}.Unicode Release|Win32.Build.0 = Release|Win32
		{00733EF4-C24A-4217-8358-B2A75BFCF15D}.Debug|Win32.ActiveCfg = Debug|Win32
		{00733EF4-C24A-4217-8358-B2A75BFCF15D}.Debug|Win32.Build.0 = Debug|Win32
		{00733EF4-C24A-4217-8358-B2A75BFCF15D}.Release|Win32.ActiveCfg = Release|Win32
		{00733EF4-C24A-4217-8358-B2A75BFCF15D}.Release|Win32.Build.0 = Release|Win32
		{00733EF4-C24A-4217-8358-B2A75BFCF15D}.Unicode Debug|Win32.ActiveCfg = Debug|Win32
		{00733EF4-C24A-4217-8358-B2A75BFCF15D}.Unicode Debug|Win32.Build.0 = Debug|Win32
		{00733EF4-C24A-4217-8358-B2A75BFCF15D}.Unicode Release|Win32.ActiveCfg = Release|Win32
		{00733EF4-C24A-4217-8358-B2A75BFCF15D}.Unicode Release|Win32.Build.0 = Release|Win32
		{B668D1E0-F0D0-4A7D-8D2D-EB9697C9ECE1}.Debug|Win32.ActiveCfg = Debug|Win32
		{B668D1E0-F0D0-4A7D-8D2D-EB9697C9ECE1}.Debug|Win32.Build.0 = Debug|Win32
		{B668D1E0-F0D0-4A7D-8D2D-EB9697C9ECE1}.Release|Win32.ActiveCfg = Release|Win32
		{B668D1E0-F0D0-4A7D-8D2D-EB9697C9ECE1}.Release|Win32.Build.0 = Release|Win32
		{B668D1E0-F0D0-4A7D-8D2D-EB9697C9ECE1}.Unicode Debug|Win32.ActiveCfg = Debug|Win32
		{B668D1E0-F0D0-4A7D-8D2D-EB9697C9ECE1}.Unicode Debug|Win32.Build.0 = Debug|Win32
		{B668D1E0-F0D0-4A7D-8D2D-EB9697C9ECE1}.Unicode Release|Win32.ActiveCfg = Release|Win32
		{B668D1E0-F0D0-4A7D-8D2D-EB9697C9ECE1}.Unicode Release|Win32.Build.0 = Release|Win32
		{55527689-ED1F-4D4F-A441-E2B9CD745369}.Debug|Win32.ActiveCfg = Debug|Win32
		{55527689-ED1F-4D4F-A441-E2B9CD745369}.Debug|Win32.Build.0 = Debug|Win32
		{55527689-ED1F-4D4F-A441-E2B9CD745369}.Release|Win32.ActiveCfg = Release|Win32
		{55527689-ED1F-4D4F-A441-E2B9CD745369}.Release|Win32.Build.0 = Release|Win32
		{55527689-ED1F-4D4F-A441-E2B9CD745369}.Unicode Debug|Win32.ActiveCfg = Debug|Win32
		{55527689-ED1F-4D4F-A441-E2B9CD745369}.Unicode Debug|Win32.Build.0 = Debug|Win32
		{55527689-ED1F-4D4F-A441-E2B9CD745369}.Unicode Release|Win32.ActiveCfg = Release|Win32
		{55527689-ED1F-4D4F-A441-E2B9CD745369}.Unicode Release|Win32.Build.0 = Release|Win32
		{C4589EF8-8A34-4BCA-9E3C-A72C5C2877D8}.Debug|Win32.ActiveCfg = Debug|Win32
		{C4589EF8-8A34-4BCA-9E3C-A72C5C2877D8}.Debug|Win32.Build.0 = Debug|Win32
		{C4589EF8-8A34-4BCA-9E3C-A72C5C2877D8}.Release|Win32.ActiveCfg = Release|Win32
		{C4589EF8-8A34-4BCA-9E3C-A72C5C2877D8}.Release|Win32.Build.0 = Release|Win32
		{C4589EF8-8A34-4BCA-9E3C-A72C5C2877D8}.Unicode Debug|Win32.ActiveCfg = Debug|Win32
		{C4589EF8-8A34-4BCA-9E3C-A72C5C2877D8}.Unicode Debug|Win32.Build.0 = Debug|Win32
		{C4589EF8-8A34-4BCA-9E3C-A72C5C2877D8}.Unicode Release|Win32.ActiveCfg = Release|Win32
		{C4589EF8-8A34-4BCA-9E3C-A72C5C2877D8}.Unicode Release|Win32.Build.0 = Release|Win32
		{9F3C589F-BB77-4D9E-8437-40B245AAA277}.Debug|Win32.ActiveCfg = Debug|Win32
		{9F3C589F-BB77-4D9E-8437-40B245AAA277}.Debug|Win32.Build.0 = Debug|Win32
		{9F3C589F-BB77-4D9E-8437-40B245AAA277}.Release|Win32.ActiveCfg = Release|Win32
		{9F3C589F-BB77-4D9E-8437-40B245AAA277}.Release|Win32.Build.0 = Release|Win32
		{9F3C589F-BB77-4D9E-8437-40B245AAA277}.Unicode Debug|Win32.ActiveCfg = Debug|Win32
		{9F3C589F-BB77-4D9E-8437-40B245AAA277}.Unicode Debug|Win32.Build.0 = Debug|Win32
		{9F3C589F-BB77-4D9E-8437-40B245AAA277}.Unicode Release|Win32.ActiveCfg = Release|Win32
		{9F3C589F-BB77-4D9E-8437-40B245AAA277}.Unicode Release|Win32.Build.0 = Release|Win32
		{9FA0904A-AF35-4F85-8A7F-B102F35BB792}.Debug|Win32.ActiveCfg = Debug|Win32
		{9FA0904A-AF35-4F85-8A7F-B102F35BB792}.Debug|Win32.Build.0 = Debug|Win32
		{9FA0904A-AF35-4F85-8A7F-B102F35BB792}.Release|Win32.ActiveCfg = Release|Win32
		{9FA0904A-AF35-4F85-8A7F-B102F35BB792}.Release|Win32.Build.0 = Release|Win32
		{9FA0904A-AF35-4F85-8A7F-B102F35BB792}.Unicode Debug|Win32.ActiveCfg = Debug|Win32
		{9FA0904A-AF35-4F85-8A7F-B102F35BB792}.Unicode Debug|Win32.Build.0 = Debug|Win32
		{9FA0904A-AF35-4F85-8A7F-B102F35BB792}.Unicode Release|Win32.ActiveCfg = Release|Win32
		{9FA0904A-AF35-4F85-8A7F-B102F35BB792}.Unicode Release|Win32.Build.0 = Release|Win32
		{CF8042EE-EC0A-49C6-84B2-C91CAF3B84A7}.Debug|Win32.ActiveCfg = Debug|Win32
		{CF8042EE-EC0A-49C6-84B2-C91CAF3B84A7}.Debug|Win32.Build.0 = Debug|Win32
		{CF8042EE-EC0A-49C6-84B2-C91CAF3B84A7}.Release|Win32.ActiveCfg = Release|Win32
		{CF8042EE-EC0A-49C6-84B2-C91CAF3B84A7}.Release|Win32.Build.0 = Release|Win32
		{CF8042EE-EC0A-49C6-84B2-C91CAF3B84A7}.Unicode Debug|Win32.ActiveCfg = Debug|Win32
		{CF8042EE-EC0A-49C6-84B2-C91CAF3B84A7}.Unicode Debug|Win32.Build.0 = Debug|Win32
		{CF8042EE-EC0A-49C6-84B2-C91CAF3B84A7}.Unicode Release|Win32.ActiveCfg = Release|Win32
		{CF8042EE-EC0A-49C6-84B2-C91CAF3B84A7}.Unicode Release|Win32.Build.0 = Release|Win32
		{B460CA5E-C340-4584-9A58-43B262C19628}.Debug|Win32.ActiveCfg = Debug|Win32
		{B460CA5E-C340-4584-9A58-43B262C19628}.Debug|Win32.Build.0 = Debug|Win32
		{B460CA5E-C340-4584-9A58-43B262C19628}.Release|Win32.ActiveCfg = Release|Win32
		{B460CA5E-C340-4584-9A58-43B262C19628}.Release|Win32.Build.0 = Release|Win32
		{B460CA5E-C340-4584-9A58-43B262C19628}.Unicode Debug|Win32.ActiveCfg = Debug|Win32
		{B460CA5E-C340-4584-9A58-43B262C19628}.Unicode Debug|Win32.Build.0 = Debug|Win32
		{B460CA5E-C340-4584-9A58-43B262C19628}.Unicode Release|Win32.ActiveCfg = Release|Win32
		{B460CA5E-C340-4584-9A58-43B262C19628}.Unicode Release|Win32.Build.0 = Release|Win32
		{F211F7D3-EA85-446C-A43C-0F8939F2997E}.Debug|Win32.ActiveCfg = Debug|Win32
		{F211F7D3-EA85-446C-A43C-0F8939F2997E}.Debug|Win32.Build.0 = Debug|Win32
		{F211F7D3-EA85-446C-A43C-0F8939F2997E}.Release|Win32.ActiveCfg = Release|Win32
		{F211F7D3-EA85-446C-A43C-0F8939F2997E}.Release|Win32.Build.0 = Release|Win32
		{F211F7D3-EA85-446C-A43C-0F8939F2997E}.Unicode Debug|Win32.ActiveCfg = Debug|Win32
		{F211F7D3-EA85-446C-A43C-0F8939F2997E}.Unicode Debug|Win32.Build.0 = Debug|Win32
		{F211F7D3-EA85-446C-A43C-0F8939F2997E}.Unicode Release|Win32.ActiveCfg = Release|Win32
		{F211F7D3-EA85-446C-A43C-0F8939F2997E}.Unicode Release|Win32.Build.0 = Release|Win32
		{C898D39A-A818-48F7-8FF4-58A1879C82AF}.Debug|Win32.ActiveCfg = Debug|Win32
		{C898D39A-A818-48F7-8FF4-58A1879C82AF}.Debug|Win32.Build.0 = Debug|Win32
		{C898D39A-A818-48F7-8FF4-58A1879C82AF}.Release|Win32.ActiveCfg = Release|Win32
		{C898D39A-A818-48F7-8FF4-58A1879C82AF}.Release|Win32.Build.0 = Release|Win32
		{C898D39A-A818-48F7-8FF4-58A1879C82AF}.Unicode Debug|Win32.ActiveCfg = Debug|Win32
		{C898D39A-A818-48F7-8FF4-58A1879C82AF}.Unicode Debug|Win32.Build.0 = Debug|Win32
		{C898D39A-A818-48F7-8FF4-58A1879C82AF}.Unicode Release|Win32.ActiveCfg = Release|Win32
		{C898D39A-A818-48F7-8FF4-58A1879C82AF}.Unicode Release|Win32.Build.0 = Release|Win32
		{E7BD306F-D3DC-4BF1-8567-3F8BEDAE1DAA}.Debug|Win32.ActiveCfg = Debug|Win32
		{E7BD306F-D3DC-4BF1-8567-3F8BEDAE1DAA}.Debug|Win32.Build.0 = Debug|Win32
		{E7BD306F-D3DC-4BF1-8567-3F8BEDAE1DAA}.Release|Win32.ActiveCfg = Release|Win32
		{E7BD306F-D3DC-4BF1-8567-3F8BEDAE1DAA}.Release|Win32.Build.0 = Release|Win32
		{E7BD306F-D3DC-4BF1-8567-3F8BEDAE1DAA}.Unicode Debug|Win32.ActiveCfg = Debug|Win32
		{E7BD306F-D3DC-4BF1-8567-3F8BEDAE1DAA}.Unicode Debug|Win32.Build.0 = Debug|Win32
		{E7BD306F-D3DC-4BF1-8567-3F8BEDAE1DAA}.Unicode Release|Win32.ActiveCfg = Release|Win32
		{E7BD306F-D3DC-4BF1-8567-3F8BEDAE1DAA}.Unicode Release|Win32.Build.0 = Release|Win32
		{3608D0E9-4E15-48F8-99DE-A4E63F33DBF7}.Debug|Win32.ActiveCfg = Debug|Win32
		{3608D0E9-4E15-48F8-99DE-A4E63F33DBF7}.Debug|Win32.Build.0 = Debug|Win32
		{3608D0E9-4E15-48F8-99DE-A4E63F33DBF7}.Release|Win32.ActiveCfg = Release|Win32
		{3608D0E9-4E15-48F8-99DE-A4E63F33DBF7}.Release|Win32.Build.0 = Release|Win32
		{3608D0E9-4E15-48F8-99DE-A4E63F33DBF7}.Unicode Debug|Win32.ActiveCfg = Debug|Win32
		{3608D0E9-4E15-48F8-99DE-A4E63F33DBF7}.Unicode Debug|Win32.Build.0 = Debug|Win32
		{3608D0E9-4E15-48F8-99DE-A4E63F33DBF7}.Unicode Release|Win32.ActiveCfg = Release|Win32
		{3608D0E9-4E15-48F8-99DE-A4E63F33DBF7}.Unicode Release|Win32.Build.0 = Release|Win32
		{E42B0BC7-ED74-4484-B465-F6B1F88F5E47}.Debug|Win32.ActiveCfg = Debug|Win32
		{E42B0BC7-ED74-4484-B465-F6B1F88F5E47}.Debug|Win32.Build.0 = Debug|Win32
		{E42B0BC7-ED74-4484-B465-F6B1F88F5E47}.Release|Win32.ActiveCfg = Release|Win32
		{E42B0BC7-ED74-4484-B465-F6B1F88F5E47}.Release|Win32.Build.0 = Release|Win32
		{E42B0BC7-ED74-4484-B465-F6B1F88F5E47}.Unicode Debug|Win32.ActiveCfg = Debug|Win32
		{E42B0BC7-ED74-4484-B465-F6B1F88F5E47}.Unicode Debug|Win32.Build.0 = Debug|Win32
		{E42B0BC7-ED74-4484-B465-F6B1F88F5E47}.Unicode Release|Win32.ActiveCfg = Release|Win32
		{E42B0BC7-ED74-4484-B465-F6B1F88F5E47}.Unicode Release|Win32.Build.0 = Release|Win32
		{FB2421D8-2C30-4D21-BBF2-2F7ED6C0ACA7}.Debug|Win32.ActiveCfg = Debug|Win32
		{FB2421D8-2C30-4D21-BBF2-2F7ED6C0ACA7}.Debug|Win32.Build.0 = Debug|Win32
		{FB2421D8-2C30-4D21-BBF2-2F7ED6C0ACA7}.Release|Win32.ActiveCfg = Release|Win32
		{FB2421D8-2C30-4D21-BBF2-2F7ED6C0ACA7}.Release|Win32.Build.0 = Release|Win32
		{FB2421D8-2C30-4D21-BBF2-2F7ED6C0ACA7}.Unicode Debug|Win32.ActiveCfg = Debug|Win32
		{FB2421D8-2C30-4D21-BBF2-2F7ED6C0ACA7}.Unicode Debug|Win32.Build.0 = Debug|Win32
		{FB2421D8-2C30-4D21-BBF2-2F7ED6C0ACA7}.Unicode Release|Win32.ActiveCfg = Release|Win32
		{FB2421D8-2C30-4D21-BBF2-2F7ED6C0ACA7}.Unicode Release|Win32.Build.0 = Release|Win32
		{A3772CFC-04D5-40D8-9210-73958832FDE5}.Debug|Win32.ActiveCfg = Debug|Win32
		{A3772CFC-04D5-40D8-9210-73958832FDE5}.Debug|Win32.Build.0 = Debug|Win32
		{A3772CFC-04D5-40D8-9210-73958832FDE5}.Release|Win32.ActiveCfg = Release|Win32
		{A3772CFC-04D5-40D8-9210-73958832FDE5}.Release|Win32.Build.0 = Release|Win32
		{A3772CFC-04D5-40D8-9210-73958832FDE5}.Unicode Debug|Win32.ActiveCfg = Debug|Win32
		{A3772CFC-04D5-40D8-9210-73958832FDE5}.Unicode Debug|Win32.Build.0 = Debug|Win32
		{A3772CFC-04D5-40D8-9210-73958832FDE5}.Unicode Release|Win32.ActiveCfg = Release|Win32
		{A3772CFC-04D5-40D8-9210-73958832FDE5}.Unicode Release|Win32.Build.0 = Release|Win32
		{1D75AABD-BFEF-4FF9-9B77-953E1735F169}.Debug|Win32.ActiveCfg = Debug|Win32
		{1D75AABD-BFEF-4FF9-9B77-953E1735F169}.Debug|Win32.Build.0 = Debug|Win32
		{1D75AABD-BFEF-4FF9-9B77-953E1735F169}.Release|Win32.ActiveCfg = Release|Win32
		{1D75AABD-BFEF-4FF9-9B77-953E1735F169}.Release|Win32.Build.0 = Release|Win32
		{1D75AABD-BFEF-4FF9-9B77-953E1735F169}.Unicode Debug|Win32.ActiveCfg = Debug|Win32
		{1D75AABD-BFEF-4FF9-9B77-953E1735F169}.Unicode Debug|Win32.Build.0 = Debug|Win32
		{1D75AABD-BFEF-4FF9-9B77-953E1735F169}.Unicode Release|Win32.ActiveCfg = Release|Win32
		{1D75AABD-BFEF-4FF9-9B77-953E1735F169}.Unicode Release|Win32.Build.0 = Release|Win32
		{8CF6DB39-753D-4B00-B018-75133D358907}.Debug|Win32.ActiveCfg = Debug|Win32
		{8CF6DB39-753D-4B00-B018-75133D358907}.Debug|Win32.Build.0 = Debug|Win32
		{8CF6DB39-753D-4B00-B018-75133D358907}.Release|Win32.ActiveCfg = Release|Win32
		{8CF6DB39-753D-4B00-B018-75133D358907}.Release|Win32.Build.0 = Release|Win32
		{8CF6DB39-753D-4B00-B018-75133D358907}.Unicode Debug|Win32.ActiveCfg = Debug|Win32
		{8CF6DB39-753D-4B00-B018-75133D358907}.Unicode Debug|Win32.Build.0 = Debug|Win32
		{8CF6DB39-753D-4B00-B018-75133D358907}.Unicode Release|Win32.ActiveCfg = Release|Win32
		{8CF6DB39-753D-4B00-B018-75133D358907}.Unicode Release|Win32.Build.0 = Release|Win32
		{851D4849-9B90-45E0-B8CE-9B86FCD7A184}.Debug|Win32.ActiveCfg = Debug|Win32
		{851D4849-9B90-45E0-B8CE-9B86FCD7A184}.Debug|Win32.Build.0 = Debug|Win32
		{851D4849-9B90-45E0-B8CE-9B86FCD7A184}.Release|Win32.ActiveCfg = Release|Win32
		{851D4849-9B90-45E0-B8CE-9B86FCD7A184}.Release|Win32.Build.0 = Release|Win32
		{851D4849-9B90-45E0-B8CE-9B86FCD7A184}.Unicode Debug|Win32.ActiveCfg = Debug|Win32
		{851D4849-9B90-45E0-B8CE-9B86FCD7A184}.Unicode Debug|Win32.Build.0 = Debug|Win32
		{851D4849-9B90-45E0-B8CE-9B86FCD7A184}.Unicode Release|Win32.ActiveCfg = Release|Win32
		{851D4849-9B90-45E0-B8CE-9B86FCD7A184}.Unicode Release|Win32.Build.0 = Release|Win32
		{DCA34B37-2E25-4B49-A32D-A32CC5A646C7}.Debug|Win32.ActiveCfg = Debug|Win32
		{DCA34B37-2E25-4B49-A32D-A32CC5A646C7}.Debug|Win32.Build.0 = Debug|Win32
		{DCA34B37-2E25-4B49-A32D-A32CC5A646C7}.Release|Win32.ActiveCfg = Release|Win32
		{DCA34B37-2E25-4B49-A32D-A32CC5A646C7}.Release|Win32.Build.0 = Release|Win32
		{DCA34B37-2E25-4B49-A32D-A32CC5A646C7}.Unicode Debug|Win32.ActiveCfg = Debug|Win32
		{DCA34B37-2E25-4B49-A32D-A32CC5A646C7}.Unicode Debug|Win32.Build.0 = Debug|Win32
		{DCA34B37-2E25-4B49-A32D-A32CC5A646C7}.Unicode Release|Win32.ActiveCfg = Release|Win32
		{DCA34B37-2E25-4B49-A32D-A32CC5A646C7}.Unicode Release|Win32.Build.0 = Release|Win32
		{1BA513C4-CC00-4F56-B206-AC22388C047A}.Debug|Win32.ActiveCfg = Debug|Win32
		{1BA513C4-CC00-4F56-B206-AC22388C047A}.Debug|Win32.Build.0 = Debug|Win32
		{1BA513C4-CC00-4F56-B206-AC22388C047A}.Release|Win32.ActiveCfg = Release|Win32
		{1BA513C4-CC00-4F56-B206-AC22388C047A}.Release|Win32.Build.0 = Release|Win32
		{1BA513C4-CC00-4F56-B206-AC22388C047A}.Unicode Debug|Win32.ActiveCfg = Debug|Win32
		{1BA513C4-CC00-4F56-B206-AC22388C047A}.Unicode Debug|Win32.Build.0 = Debug|Win32
		{1BA513C4-CC00-4F56-B206-AC22388C047A}.Unicode Release|Win32.ActiveCfg = Release|Win32
		{1BA513C4-CC00-4F56-B206-AC22388C047A}.Unicode Release|Win32.Build.0 = Release|Win32
		{B4387555-53C7-40E6-91D8-679BD684A423}.Debug|Win32.ActiveCfg = Debug|Win32
		{B4387555-53C7-40E6-91D8-679BD684A423}.Debug|Win32.Build.0 = Debug|Win32
		{B4387555-53C7-40E6-91D8-679BD684A423}.Release|Win32.ActiveCfg = Release|Win32
		{B4387555-53C7-40E6-91D8-679BD684A423}.Release|Win32.Build.0 = Release|Win32
		{B4387555-53C7-40E6-91D8-679BD684A423}.Unicode Debug|Win32.ActiveCfg = Debug|Win32
		{B4387555-53C7-40E6-91D8-679BD684A423}.Unicode Debug|Win32.Build.0 = Debug|Win32
		{B4387555-53C7-40E6-91D8-679BD684A423}.Unicode Release|Win32.ActiveCfg = Release|Win32
		{B4387555-53C7-40E6-91D8-679BD684A423}.Unicode Release|Win32.Build.0 = Release|Win32
		{3835A512-E323-45F0-B0BC-0F17CD151A3B}.Debug|Win32.ActiveCfg = Debug|Win32
		{3835A512-E323-45F0-B0BC-0F17CD151A3B}.Debug|Win32.Build.0 = Debug|Win32
		{3835A512-E323-45F0-B0BC-0F17CD151A3B}.Release|Win32.ActiveCfg = Release|Win32
		{3835A512-E323-45F0-B0BC-0F17CD151A3B}.Release|Win32.Build.0 = Release|Win32
		{3835A512-E323-45F0-B0BC-0F17CD151A3B}.Unicode Debug|Win32.ActiveCfg = Debug|Win32
		{3835A512-E323-45F0-B0BC-0F17CD151A3B}.Unicode Debug|Win32.Build.0 = Debug|Win32
		{3835A512-E323-45F0-B0BC-0F17CD151A3B}.Unicode Release|Win32.ActiveCfg = Release|Win32
		{3835A512-E323-45F0-B0BC-0F17CD151A3B}.Unicode Release|Win32.Build.0 = Release|Win32
		{BDD71506-C18B-4DB9-B8CA-BEA2EC500B00}.Debug|Win32.ActiveCfg = Debug|Win32
		{BDD71506-C18B-4DB9-B8CA-BEA2EC500B00}.Debug|Win32.Build.0 = Debug|Win32
		{BDD71506-C18B-4DB9-B8CA-BEA2EC500B00}.Release|Win32.ActiveCfg = Release|Win32
		{BDD71506-C18B-4DB9-B8CA-BEA2EC500B00}.Release|Win32.Build.0 = Release|Win32
		{BDD71506-C18B-4DB9-B8CA-BEA2EC500B00}.Unicode Debug|Win32.ActiveCfg = Debug|Win32
		{BDD71506-C18B-4DB9-B8CA-BEA2EC500B00}.Unicode Debug|Win32.Build.0 = Debug|Win32
		{BDD71506-C18B-4DB9-B8CA-BEA2EC500B00}.Unicode Release|Win32.ActiveCfg = Release|Win32
		{BDD71506-C18B-4DB9-B8CA-BEA2EC500B00}.Unicode Release|Win32.Build.0 = Release|Win32
	EndGlobalSection
	GlobalSection(SolutionProperties) = preSolution
		HideSolutionNode = FALSE
	EndGlobalSection
EndGlobal
