
Microsoft Visual Studio Solution File, Format Version 10.00
# Visual Studio 2008
Project("{8BC9CEB8-8B4A-11D0-8D11-00A0C91BC942}") = "ASLCalibration", "ASLCalibration\ASLCalibration.vcproj", "{7F926F8E-1911-4AFD-834F-E0C0F1137C2E}"
	ProjectSection(ProjectDependencies) = postProject
		{E7D13D4D-A7AD-46B3-A513-BC9B6297E6D3} = {E7D13D4D-A7AD-46B3-A513-BC9B6297E6D3}
	EndProjectSection
EndProject
Project("{8BC9CEB8-8B4A-11D0-8D11-00A0C91BC942}") = "AcuteFFFlash", "AcuteFFFlash\AcuteFFFlash.vcproj", "{EB95A0BE-EF27-4207-8A50-0DC92BB8F401}"
	ProjectSection(ProjectDependencies) = postProject
		{E7D13D4D-A7AD-46B3-A513-BC9B6297E6D3} = {E7D13D4D-A7AD-46B3-A513-BC9B6297E6D3}
	EndProjectSection
EndProject
Project("{8BC9CEB8-8B4A-11D0-8D11-00A0C91BC942}") = "Attention", "Attention\Attention.vcproj", "{7574C6F9-5D6D-45AD-BB40-AF4E1ACAC4C8}"
	ProjectSection(ProjectDependencies) = postProject
		{E7D13D4D-A7AD-46B3-A513-BC9B6297E6D3} = {E7D13D4D-A7AD-46B3-A513-BC9B6297E6D3}
	EndProjectSection
EndProject
Project("{8BC9CEB8-8B4A-11D0-8D11-00A0C91BC942}") = "CableTest", "CableTest\CableTest.vcproj", "{AC84952D-2486-4428-AD3C-3AC96C86F1BE}"
	ProjectSection(ProjectDependencies) = postProject
		{E7D13D4D-A7AD-46B3-A513-BC9B6297E6D3} = {E7D13D4D-A7AD-46B3-A513-BC9B6297E6D3}
	EndProjectSection
EndProject
Project("{8BC9CEB8-8B4A-11D0-8D11-00A0C91BC942}") = "ClearTrigger", "ClearTrigger\ClearTrigger.vcproj", "{DDBAFB37-DB73-4513-B639-D9F25804535C}"
	ProjectSection(ProjectDependencies) = postProject
		{E7D13D4D-A7AD-46B3-A513-BC9B6297E6D3} = {E7D13D4D-A7AD-46B3-A513-BC9B6297E6D3}
	EndProjectSection
EndProject
Project("{8BC9CEB8-8B4A-11D0-8D11-00A0C91BC942}") = "ContrastReverse", "ContrastReverse\ContrastReverse.vcproj", "{E2250E44-CE86-435F-8260-6327FF13F44B}"
	ProjectSection(ProjectDependencies) = postProject
		{E7D13D4D-A7AD-46B3-A513-BC9B6297E6D3} = {E7D13D4D-A7AD-46B3-A513-BC9B6297E6D3}
	EndProjectSection
EndProject
Project("{8BC9CEB8-8B4A-11D0-8D11-00A0C91BC942}") = "CoolMouse", "CoolMouse\CoolMouse.vcproj", "{49D4DCA3-E069-4936-A6CB-4759BA445FF3}"
	ProjectSection(ProjectDependencies) = postProject
		{E7D13D4D-A7AD-46B3-A513-BC9B6297E6D3} = {E7D13D4D-A7AD-46B3-A513-BC9B6297E6D3}
	EndProjectSection
EndProject
Project("{8BC9CEB8-8B4A-11D0-8D11-00A0C91BC942}") = "Fixation", "Fixation\Fixation.vcproj", "{EFE28463-44C2-46F3-81CB-785E2D8D2227}"
	ProjectSection(ProjectDependencies) = postProject
		{E7D13D4D-A7AD-46B3-A513-BC9B6297E6D3} = {E7D13D4D-A7AD-46B3-A513-BC9B6297E6D3}
	EndProjectSection
EndProject
Project("{8BC9CEB8-8B4A-11D0-8D11-00A0C91BC942}") = "MultiGrating", "MultiGrating\MultiGrating.vcproj", "{2B3E73FA-CA23-4575-A7E5-038025441035}"
	ProjectSection(ProjectDependencies) = postProject
		{E7D13D4D-A7AD-46B3-A513-BC9B6297E6D3} = {E7D13D4D-A7AD-46B3-A513-BC9B6297E6D3}
	EndProjectSection
EndProject
Project("{8BC9CEB8-8B4A-11D0-8D11-00A0C91BC942}") = "StarStim", "StarStim\StarStim.vcproj", "{43ACFF80-3B82-412D-8A33-F43D89D48E79}"
	ProjectSection(ProjectDependencies) = postProject
		{E7D13D4D-A7AD-46B3-A513-BC9B6297E6D3} = {E7D13D4D-A7AD-46B3-A513-BC9B6297E6D3}
	EndProjectSection
EndProject
Project("{8BC9CEB8-8B4A-11D0-8D11-00A0C91BC942}") = "TimingTest", "TimingTest\TimingTest.vcproj", "{5DAE9BDC-091A-44D1-BC03-69694A00B954}"
	ProjectSection(ProjectDependencies) = postProject
		{E7D13D4D-A7AD-46B3-A513-BC9B6297E6D3} = {E7D13D4D-A7AD-46B3-A513-BC9B6297E6D3}
	EndProjectSection
EndProject
Project("{8BC9CEB8-8B4A-11D0-8D11-00A0C91BC942}") = "Tuning", "Tuning\Tuning.vcproj", "{181A1034-6B81-4818-A73A-A7DD4A8C7C8D}"
	ProjectSection(ProjectDependencies) = postProject
		{E7D13D4D-A7AD-46B3-A513-BC9B6297E6D3} = {E7D13D4D-A7AD-46B3-A513-BC9B6297E6D3}
	EndProjectSection
EndProject
Project("{8BC9CEB8-8B4A-11D0-8D11-00A0C91BC942}") = "TuningCurve", "TuningCurve\TuningCurve.vcproj", "{0805BC6D-5D21-4E28-84C2-286C454B5AE0}"
EndProject
Project("{8BC9CEB8-8B4A-11D0-8D11-00A0C91BC942}") = "affflash", "affflash\affflash.vcproj", "{C3C0D8FA-B859-497C-8872-126AEA1C89DE}"
	ProjectSection(ProjectDependencies) = postProject
		{E7D13D4D-A7AD-46B3-A513-BC9B6297E6D3} = {E7D13D4D-A7AD-46B3-A513-BC9B6297E6D3}
	EndProjectSection
EndProject
Project("{8BC9CEB8-8B4A-11D0-8D11-00A0C91BC942}") = "alertlib", "alertlib\alertlib.vcproj", "{E7D13D4D-A7AD-46B3-A513-BC9B6297E6D3}"
EndProject
Project("{8BC9CEB8-8B4A-11D0-8D11-00A0C91BC942}") = "alertmseq", "alertmseq\alertmseq.vcproj", "{FBBE899F-75DA-4AD7-B495-C70770675749}"
	ProjectSection(ProjectDependencies) = postProject
		{E7D13D4D-A7AD-46B3-A513-BC9B6297E6D3} = {E7D13D4D-A7AD-46B3-A513-BC9B6297E6D3}
	EndProjectSection
EndProject
Project("{8BC9CEB8-8B4A-11D0-8D11-00A0C91BC942}") = "colorflash", "colorflash\colorflash.vcproj", "{ACABBAEE-BBEC-49FC-82BA-4B302F049916}"
	ProjectSection(ProjectDependencies) = postProject
		{E7D13D4D-A7AD-46B3-A513-BC9B6297E6D3} = {E7D13D4D-A7AD-46B3-A513-BC9B6297E6D3}
	EndProjectSection
EndProject
Project("{8BC9CEB8-8B4A-11D0-8D11-00A0C91BC942}") = "example1", "example1\example1.vcproj", "{368415DB-81C9-4089-91EF-A367F003B077}"
	ProjectSection(ProjectDependencies) = postProject
		{E7D13D4D-A7AD-46B3-A513-BC9B6297E6D3} = {E7D13D4D-A7AD-46B3-A513-BC9B6297E6D3}
	EndProjectSection
EndProject
Project("{8BC9CEB8-8B4A-11D0-8D11-00A0C91BC942}") = "example2", "example2\example2.vcproj", "{D9411327-0D1B-48BF-BB65-1F8A1D2600F3}"
	ProjectSection(ProjectDependencies) = postProject
		{E7D13D4D-A7AD-46B3-A513-BC9B6297E6D3} = {E7D13D4D-A7AD-46B3-A513-BC9B6297E6D3}
	EndProjectSection
EndProject
Project("{8BC9CEB8-8B4A-11D0-8D11-00A0C91BC942}") = "mouse3", "mouse3\mouse3.vcproj", "{76CB8CEA-E2AD-4553-AD69-A9CC2E2A863B}"
	ProjectSection(ProjectDependencies) = postProject
		{E7D13D4D-A7AD-46B3-A513-BC9B6297E6D3} = {E7D13D4D-A7AD-46B3-A513-BC9B6297E6D3}
	EndProjectSection
EndProject
Project("{8BC9CEB8-8B4A-11D0-8D11-00A0C91BC942}") = "simpler", "simpler\simpler.vcproj", "{D2258A72-8F5E-497B-BBE2-9ACAFE2B1CA6}"
EndProject
Project("{8BC9CEB8-8B4A-11D0-8D11-00A0C91BC942}") = "AcuteCoolMouse", "AcuteCoolMouse\AcuteCoolMouse.vcproj", "{00733EF4-C24A-4217-8358-B2A75BFCF15D}"
EndProject
Project("{8BC9CEB8-8B4A-11D0-8D11-00A0C91BC942}") = "NewMSequence", "NewMSequence\NewMSequence.vcproj", "{B668D1E0-F0D0-4A7D-8D2D-EB9697C9ECE1}"
EndProject
Project("{8BC9CEB8-8B4A-11D0-8D11-00A0C91BC942}") = "MsgSvr", "MsgSvr\MsgSvr.vcproj", "{55527689-ED1F-4D4F-A441-E2B9CD745369}"
EndProject
Project("{8BC9CEB8-8B4A-11D0-8D11-00A0C91BC942}") = "SendMessage", "SendMessage\SendMessage.vcproj", "{C4589EF8-8A34-4BCA-9E3C-A72C5C2877D8}"
EndProject
Project("{8BC9CEB8-8B4A-11D0-8D11-00A0C91BC942}") = "gratings", "gratings\gratings.vcproj", "{9F3C589F-BB77-4D9E-8437-40B245AAA277}"
	ProjectSection(ProjectDependencies) = postProject
		{E7D13D4D-A7AD-46B3-A513-BC9B6297E6D3} = {E7D13D4D-A7AD-46B3-A513-BC9B6297E6D3}
	EndProjectSection
EndProject
Project("{8BC9CEB8-8B4A-11D0-8D11-00A0C91BC942}") = "testreg", "testreg\testreg.vcproj", "{9FA0904A-AF35-4F85-8A7F-B102F35BB792}"
EndProject
Project("{8BC9CEB8-8B4A-11D0-8D11-00A0C91BC942}") = "Calibration", "Calibration\Calibration.vcproj", "{CF8042EE-EC0A-49C6-84B2-C91CAF3B84A7}"
EndProject
Global
	GlobalSection(SolutionConfigurationPlatforms) = preSolution
		Debug|Win32 = Debug|Win32
		Release|Win32 = Release|Win32
		Unicode Debug|Win32 = Unicode Debug|Win32
		Unicode Release|Win32 = Unicode Release|Win32
	EndGlobalSection
	GlobalSection(ProjectConfigurationPlatforms) = postSolution
		{7F926F8E-1911-4AFD-834F-E0C0F1137C2E}.Debug|Win32.ActiveCfg = Debug|Win32
		{7F926F8E-1911-4AFD-834F-E0C0F1137C2E}.Debug|Win32.Build.0 = Debug|Win32
		{7F926F8E-1911-4AFD-834F-E0C0F1137C2E}.Release|Win32.ActiveCfg = Release|Win32
		{7F926F8E-1911-4AFD-834F-E0C0F1137C2E}.Release|Win32.Build.0 = Release|Win32
		{7F926F8E-1911-4AFD-834F-E0C0F1137C2E}.Unicode Debug|Win32.ActiveCfg = Debug|Win32
		{7F926F8E-1911-4AFD-834F-E0C0F1137C2E}.Unicode Debug|Win32.Build.0 = Debug|Win32
		{7F926F8E-1911-4AFD-834F-E0C0F1137C2E}.Unicode Release|Win32.ActiveCfg = Release|Win32
		{7F926F8E-1911-4AFD-834F-E0C0F1137C2E}.Unicode Release|Win32.Build.0 = Release|Win32
		{EB95A0BE-EF27-4207-8A50-0DC92BB8F401}.Debug|Win32.ActiveCfg = Debug|Win32
		{EB95A0BE-EF27-4207-8A50-0DC92BB8F401}.Debug|Win32.Build.0 = Debug|Win32
		{EB95A0BE-EF27-4207-8A50-0DC92BB8F401}.Release|Win32.ActiveCfg = Release|Win32
		{EB95A0BE-EF27-4207-8A50-0DC92BB8F401}.Release|Win32.Build.0 = Release|Win32
		{EB95A0BE-EF27-4207-8A50-0DC92BB8F401}.Unicode Debug|Win32.ActiveCfg = Debug|Win32
		{EB95A0BE-EF27-4207-8A50-0DC92BB8F401}.Unicode Debug|Win32.Build.0 = Debug|Win32
		{EB95A0BE-EF27-4207-8A50-0DC92BB8F401}.Unicode Release|Win32.ActiveCfg = Release|Win32
		{EB95A0BE-EF27-4207-8A50-0DC92BB8F401}.Unicode Release|Win32.Build.0 = Release|Win32
		{7574C6F9-5D6D-45AD-BB40-AF4E1ACAC4C8}.Debug|Win32.ActiveCfg = Debug|Win32
		{7574C6F9-5D6D-45AD-BB40-AF4E1ACAC4C8}.Debug|Win32.Build.0 = Debug|Win32
		{7574C6F9-5D6D-45AD-BB40-AF4E1ACAC4C8}.Release|Win32.ActiveCfg = Release|Win32
		{7574C6F9-5D6D-45AD-BB40-AF4E1ACAC4C8}.Release|Win32.Build.0 = Release|Win32
		{7574C6F9-5D6D-45AD-BB40-AF4E1ACAC4C8}.Unicode Debug|Win32.ActiveCfg = Debug|Win32
		{7574C6F9-5D6D-45AD-BB40-AF4E1ACAC4C8}.Unicode Debug|Win32.Build.0 = Debug|Win32
		{7574C6F9-5D6D-45AD-BB40-AF4E1ACAC4C8}.Unicode Release|Win32.ActiveCfg = Release|Win32
		{7574C6F9-5D6D-45AD-BB40-AF4E1ACAC4C8}.Unicode Release|Win32.Build.0 = Release|Win32
		{AC84952D-2486-4428-AD3C-3AC96C86F1BE}.Debug|Win32.ActiveCfg = Debug|Win32
		{AC84952D-2486-4428-AD3C-3AC96C86F1BE}.Debug|Win32.Build.0 = Debug|Win32
		{AC84952D-2486-4428-AD3C-3AC96C86F1BE}.Release|Win32.ActiveCfg = Release|Win32
		{AC84952D-2486-4428-AD3C-3AC96C86F1BE}.Release|Win32.Build.0 = Release|Win32
		{AC84952D-2486-4428-AD3C-3AC96C86F1BE}.Unicode Debug|Win32.ActiveCfg = Debug|Win32
		{AC84952D-2486-4428-AD3C-3AC96C86F1BE}.Unicode Debug|Win32.Build.0 = Debug|Win32
		{AC84952D-2486-4428-AD3C-3AC96C86F1BE}.Unicode Release|Win32.ActiveCfg = Release|Win32
		{AC84952D-2486-4428-AD3C-3AC96C86F1BE}.Unicode Release|Win32.Build.0 = Release|Win32
		{DDBAFB37-DB73-4513-B639-D9F25804535C}.Debug|Win32.ActiveCfg = Debug|Win32
		{DDBAFB37-DB73-4513-B639-D9F25804535C}.Debug|Win32.Build.0 = Debug|Win32
		{DDBAFB37-DB73-4513-B639-D9F25804535C}.Release|Win32.ActiveCfg = Release|Win32
		{DDBAFB37-DB73-4513-B639-D9F25804535C}.Release|Win32.Build.0 = Release|Win32
		{DDBAFB37-DB73-4513-B639-D9F25804535C}.Unicode Debug|Win32.ActiveCfg = Debug|Win32
		{DDBAFB37-DB73-4513-B639-D9F25804535C}.Unicode Debug|Win32.Build.0 = Debug|Win32
		{DDBAFB37-DB73-4513-B639-D9F25804535C}.Unicode Release|Win32.ActiveCfg = Release|Win32
		{DDBAFB37-DB73-4513-B639-D9F25804535C}.Unicode Release|Win32.Build.0 = Release|Win32
		{E2250E44-CE86-435F-8260-6327FF13F44B}.Debug|Win32.ActiveCfg = Debug|Win32
		{E2250E44-CE86-435F-8260-6327FF13F44B}.Debug|Win32.Build.0 = Debug|Win32
		{E2250E44-CE86-435F-8260-6327FF13F44B}.Release|Win32.ActiveCfg = Release|Win32
		{E2250E44-CE86-435F-8260-6327FF13F44B}.Release|Win32.Build.0 = Release|Win32
		{E2250E44-CE86-435F-8260-6327FF13F44B}.Unicode Debug|Win32.ActiveCfg = Debug|Win32
		{E2250E44-CE86-435F-8260-6327FF13F44B}.Unicode Debug|Win32.Build.0 = Debug|Win32
		{E2250E44-CE86-435F-8260-6327FF13F44B}.Unicode Release|Win32.ActiveCfg = Release|Win32
		{E2250E44-CE86-435F-8260-6327FF13F44B}.Unicode Release|Win32.Build.0 = Release|Win32
		{49D4DCA3-E069-4936-A6CB-4759BA445FF3}.Debug|Win32.ActiveCfg = Debug|Win32
		{49D4DCA3-E069-4936-A6CB-4759BA445FF3}.Debug|Win32.Build.0 = Debug|Win32
		{49D4DCA3-E069-4936-A6CB-4759BA445FF3}.Release|Win32.ActiveCfg = Release|Win32
		{49D4DCA3-E069-4936-A6CB-4759BA445FF3}.Release|Win32.Build.0 = Release|Win32
		{49D4DCA3-E069-4936-A6CB-4759BA445FF3}.Unicode Debug|Win32.ActiveCfg = Debug|Win32
		{49D4DCA3-E069-4936-A6CB-4759BA445FF3}.Unicode Debug|Win32.Build.0 = Debug|Win32
		{49D4DCA3-E069-4936-A6CB-4759BA445FF3}.Unicode Release|Win32.ActiveCfg = Release|Win32
		{49D4DCA3-E069-4936-A6CB-4759BA445FF3}.Unicode Release|Win32.Build.0 = Release|Win32
		{EFE28463-44C2-46F3-81CB-785E2D8D2227}.Debug|Win32.ActiveCfg = Debug|Win32
		{EFE28463-44C2-46F3-81CB-785E2D8D2227}.Debug|Win32.Build.0 = Debug|Win32
		{EFE28463-44C2-46F3-81CB-785E2D8D2227}.Release|Win32.ActiveCfg = Release|Win32
		{EFE28463-44C2-46F3-81CB-785E2D8D2227}.Release|Win32.Build.0 = Release|Win32
		{EFE28463-44C2-46F3-81CB-785E2D8D2227}.Unicode Debug|Win32.ActiveCfg = Debug|Win32
		{EFE28463-44C2-46F3-81CB-785E2D8D2227}.Unicode Debug|Win32.Build.0 = Debug|Win32
		{EFE28463-44C2-46F3-81CB-785E2D8D2227}.Unicode Release|Win32.ActiveCfg = Release|Win32
		{EFE28463-44C2-46F3-81CB-785E2D8D2227}.Unicode Release|Win32.Build.0 = Release|Win32
		{2B3E73FA-CA23-4575-A7E5-038025441035}.Debug|Win32.ActiveCfg = Debug|Win32
		{2B3E73FA-CA23-4575-A7E5-038025441035}.Debug|Win32.Build.0 = Debug|Win32
		{2B3E73FA-CA23-4575-A7E5-038025441035}.Release|Win32.ActiveCfg = Release|Win32
		{2B3E73FA-CA23-4575-A7E5-038025441035}.Release|Win32.Build.0 = Release|Win32
		{2B3E73FA-CA23-4575-A7E5-038025441035}.Unicode Debug|Win32.ActiveCfg = Debug|Win32
		{2B3E73FA-CA23-4575-A7E5-038025441035}.Unicode Debug|Win32.Build.0 = Debug|Win32
		{2B3E73FA-CA23-4575-A7E5-038025441035}.Unicode Release|Win32.ActiveCfg = Release|Win32
		{2B3E73FA-CA23-4575-A7E5-038025441035}.Unicode Release|Win32.Build.0 = Release|Win32
		{43ACFF80-3B82-412D-8A33-F43D89D48E79}.Debug|Win32.ActiveCfg = Debug|Win32
		{43ACFF80-3B82-412D-8A33-F43D89D48E79}.Debug|Win32.Build.0 = Debug|Win32
		{43ACFF80-3B82-412D-8A33-F43D89D48E79}.Release|Win32.ActiveCfg = Release|Win32
		{43ACFF80-3B82-412D-8A33-F43D89D48E79}.Release|Win32.Build.0 = Release|Win32
		{43ACFF80-3B82-412D-8A33-F43D89D48E79}.Unicode Debug|Win32.ActiveCfg = Debug|Win32
		{43ACFF80-3B82-412D-8A33-F43D89D48E79}.Unicode Debug|Win32.Build.0 = Debug|Win32
		{43ACFF80-3B82-412D-8A33-F43D89D48E79}.Unicode Release|Win32.ActiveCfg = Release|Win32
		{43ACFF80-3B82-412D-8A33-F43D89D48E79}.Unicode Release|Win32.Build.0 = Release|Win32
		{5DAE9BDC-091A-44D1-BC03-69694A00B954}.Debug|Win32.ActiveCfg = Debug|Win32
		{5DAE9BDC-091A-44D1-BC03-69694A00B954}.Debug|Win32.Build.0 = Debug|Win32
		{5DAE9BDC-091A-44D1-BC03-69694A00B954}.Release|Win32.ActiveCfg = Release|Win32
		{5DAE9BDC-091A-44D1-BC03-69694A00B954}.Release|Win32.Build.0 = Release|Win32
		{5DAE9BDC-091A-44D1-BC03-69694A00B954}.Unicode Debug|Win32.ActiveCfg = Debug|Win32
		{5DAE9BDC-091A-44D1-BC03-69694A00B954}.Unicode Debug|Win32.Build.0 = Debug|Win32
		{5DAE9BDC-091A-44D1-BC03-69694A00B954}.Unicode Release|Win32.ActiveCfg = Release|Win32
		{5DAE9BDC-091A-44D1-BC03-69694A00B954}.Unicode Release|Win32.Build.0 = Release|Win32
		{181A1034-6B81-4818-A73A-A7DD4A8C7C8D}.Debug|Win32.ActiveCfg = Debug|Win32
		{181A1034-6B81-4818-A73A-A7DD4A8C7C8D}.Debug|Win32.Build.0 = Debug|Win32
		{181A1034-6B81-4818-A73A-A7DD4A8C7C8D}.Release|Win32.ActiveCfg = Release|Win32
		{181A1034-6B81-4818-A73A-A7DD4A8C7C8D}.Release|Win32.Build.0 = Release|Win32
		{181A1034-6B81-4818-A73A-A7DD4A8C7C8D}.Unicode Debug|Win32.ActiveCfg = Debug|Win32
		{181A1034-6B81-4818-A73A-A7DD4A8C7C8D}.Unicode Debug|Win32.Build.0 = Debug|Win32
		{181A1034-6B81-4818-A73A-A7DD4A8C7C8D}.Unicode Release|Win32.ActiveCfg = Release|Win32
		{181A1034-6B81-4818-A73A-A7DD4A8C7C8D}.Unicode Release|Win32.Build.0 = Release|Win32
		{0805BC6D-5D21-4E28-84C2-286C454B5AE0}.Debug|Win32.ActiveCfg = Debug|Win32
		{0805BC6D-5D21-4E28-84C2-286C454B5AE0}.Debug|Win32.Build.0 = Debug|Win32
		{0805BC6D-5D21-4E28-84C2-286C454B5AE0}.Release|Win32.ActiveCfg = Release|Win32
		{0805BC6D-5D21-4E28-84C2-286C454B5AE0}.Release|Win32.Build.0 = Release|Win32
		{0805BC6D-5D21-4E28-84C2-286C454B5AE0}.Unicode Debug|Win32.ActiveCfg = Debug|Win32
		{0805BC6D-5D21-4E28-84C2-286C454B5AE0}.Unicode Debug|Win32.Build.0 = Debug|Win32
		{0805BC6D-5D21-4E28-84C2-286C454B5AE0}.Unicode Release|Win32.ActiveCfg = Release|Win32
		{0805BC6D-5D21-4E28-84C2-286C454B5AE0}.Unicode Release|Win32.Build.0 = Release|Win32
		{C3C0D8FA-B859-497C-8872-126AEA1C89DE}.Debug|Win32.ActiveCfg = Debug|Win32
		{C3C0D8FA-B859-497C-8872-126AEA1C89DE}.Debug|Win32.Build.0 = Debug|Win32
		{C3C0D8FA-B859-497C-8872-126AEA1C89DE}.Release|Win32.ActiveCfg = Release|Win32
		{C3C0D8FA-B859-497C-8872-126AEA1C89DE}.Release|Win32.Build.0 = Release|Win32
		{C3C0D8FA-B859-497C-8872-126AEA1C89DE}.Unicode Debug|Win32.ActiveCfg = Debug|Win32
		{C3C0D8FA-B859-497C-8872-126AEA1C89DE}.Unicode Debug|Win32.Build.0 = Debug|Win32
		{C3C0D8FA-B859-497C-8872-126AEA1C89DE}.Unicode Release|Win32.ActiveCfg = Release|Win32
		{C3C0D8FA-B859-497C-8872-126AEA1C89DE}.Unicode Release|Win32.Build.0 = Release|Win32
		{E7D13D4D-A7AD-46B3-A513-BC9B6297E6D3}.Debug|Win32.ActiveCfg = Debug|Win32
		{E7D13D4D-A7AD-46B3-A513-BC9B6297E6D3}.Debug|Win32.Build.0 = Debug|Win32
		{E7D13D4D-A7AD-46B3-A513-BC9B6297E6D3}.Release|Win32.ActiveCfg = Release|Win32
		{E7D13D4D-A7AD-46B3-A513-BC9B6297E6D3}.Release|Win32.Build.0 = Release|Win32
		{E7D13D4D-A7AD-46B3-A513-BC9B6297E6D3}.Unicode Debug|Win32.ActiveCfg = Debug|Win32
		{E7D13D4D-A7AD-46B3-A513-BC9B6297E6D3}.Unicode Debug|Win32.Build.0 = Debug|Win32
		{E7D13D4D-A7AD-46B3-A513-BC9B6297E6D3}.Unicode Release|Win32.ActiveCfg = Release|Win32
		{E7D13D4D-A7AD-46B3-A513-BC9B6297E6D3}.Unicode Release|Win32.Build.0 = Release|Win32
		{FBBE899F-75DA-4AD7-B495-C70770675749}.Debug|Win32.ActiveCfg = Debug|Win32
		{FBBE899F-75DA-4AD7-B495-C70770675749}.Debug|Win32.Build.0 = Debug|Win32
		{FBBE899F-75DA-4AD7-B495-C70770675749}.Release|Win32.ActiveCfg = Release|Win32
		{FBBE899F-75DA-4AD7-B495-C70770675749}.Release|Win32.Build.0 = Release|Win32
		{FBBE899F-75DA-4AD7-B495-C70770675749}.Unicode Debug|Win32.ActiveCfg = Debug|Win32
		{FBBE899F-75DA-4AD7-B495-C70770675749}.Unicode Debug|Win32.Build.0 = Debug|Win32
		{FBBE899F-75DA-4AD7-B495-C70770675749}.Unicode Release|Win32.ActiveCfg = Release|Win32
		{FBBE899F-75DA-4AD7-B495-C70770675749}.Unicode Release|Win32.Build.0 = Release|Win32
		{ACABBAEE-BBEC-49FC-82BA-4B302F049916}.Debug|Win32.ActiveCfg = Debug|Win32
		{ACABBAEE-BBEC-49FC-82BA-4B302F049916}.Debug|Win32.Build.0 = Debug|Win32
		{ACABBAEE-BBEC-49FC-82BA-4B302F049916}.Release|Win32.ActiveCfg = Release|Win32
		{ACABBAEE-BBEC-49FC-82BA-4B302F049916}.Release|Win32.Build.0 = Release|Win32
		{ACABBAEE-BBEC-49FC-82BA-4B302F049916}.Unicode Debug|Win32.ActiveCfg = Debug|Win32
		{ACABBAEE-BBEC-49FC-82BA-4B302F049916}.Unicode Debug|Win32.Build.0 = Debug|Win32
		{ACABBAEE-BBEC-49FC-82BA-4B302F049916}.Unicode Release|Win32.ActiveCfg = Release|Win32
		{ACABBAEE-BBEC-49FC-82BA-4B302F049916}.Unicode Release|Win32.Build.0 = Release|Win32
		{368415DB-81C9-4089-91EF-A367F003B077}.Debug|Win32.ActiveCfg = Debug|Win32
		{368415DB-81C9-4089-91EF-A367F003B077}.Debug|Win32.Build.0 = Debug|Win32
		{368415DB-81C9-4089-91EF-A367F003B077}.Release|Win32.ActiveCfg = Release|Win32
		{368415DB-81C9-4089-91EF-A367F003B077}.Release|Win32.Build.0 = Release|Win32
		{368415DB-81C9-4089-91EF-A367F003B077}.Unicode Debug|Win32.ActiveCfg = Debug|Win32
		{368415DB-81C9-4089-91EF-A367F003B077}.Unicode Debug|Win32.Build.0 = Debug|Win32
		{368415DB-81C9-4089-91EF-A367F003B077}.Unicode Release|Win32.ActiveCfg = Release|Win32
		{368415DB-81C9-4089-91EF-A367F003B077}.Unicode Release|Win32.Build.0 = Release|Win32
		{D9411327-0D1B-48BF-BB65-1F8A1D2600F3}.Debug|Win32.ActiveCfg = Debug|Win32
		{D9411327-0D1B-48BF-BB65-1F8A1D2600F3}.Debug|Win32.Build.0 = Debug|Win32
		{D9411327-0D1B-48BF-BB65-1F8A1D2600F3}.Release|Win32.ActiveCfg = Release|Win32
		{D9411327-0D1B-48BF-BB65-1F8A1D2600F3}.Release|Win32.Build.0 = Release|Win32
		{D9411327-0D1B-48BF-BB65-1F8A1D2600F3}.Unicode Debug|Win32.ActiveCfg = Debug|Win32
		{D9411327-0D1B-48BF-BB65-1F8A1D2600F3}.Unicode Debug|Win32.Build.0 = Debug|Win32
		{D9411327-0D1B-48BF-BB65-1F8A1D2600F3}.Unicode Release|Win32.ActiveCfg = Release|Win32
		{D9411327-0D1B-48BF-BB65-1F8A1D2600F3}.Unicode Release|Win32.Build.0 = Release|Win32
		{76CB8CEA-E2AD-4553-AD69-A9CC2E2A863B}.Debug|Win32.ActiveCfg = Debug|Win32
		{76CB8CEA-E2AD-4553-AD69-A9CC2E2A863B}.Debug|Win32.Build.0 = Debug|Win32
		{76CB8CEA-E2AD-4553-AD69-A9CC2E2A863B}.Release|Win32.ActiveCfg = Release|Win32
		{76CB8CEA-E2AD-4553-AD69-A9CC2E2A863B}.Release|Win32.Build.0 = Release|Win32
		{76CB8CEA-E2AD-4553-AD69-A9CC2E2A863B}.Unicode Debug|Win32.ActiveCfg = Debug|Win32
		{76CB8CEA-E2AD-4553-AD69-A9CC2E2A863B}.Unicode Debug|Win32.Build.0 = Debug|Win32
		{76CB8CEA-E2AD-4553-AD69-A9CC2E2A863B}.Unicode Release|Win32.ActiveCfg = Release|Win32
		{76CB8CEA-E2AD-4553-AD69-A9CC2E2A863B}.Unicode Release|Win32.Build.0 = Release|Win32
		{D2258A72-8F5E-497B-BBE2-9ACAFE2B1CA6}.Debug|Win32.ActiveCfg = Debug|Win32
		{D2258A72-8F5E-497B-BBE2-9ACAFE2B1CA6}.Debug|Win32.Build.0 = Debug|Win32
		{D2258A72-8F5E-497B-BBE2-9ACAFE2B1CA6}.Release|Win32.ActiveCfg = Release|Win32
		{D2258A72-8F5E-497B-BBE2-9ACAFE2B1CA6}.Release|Win32.Build.0 = Release|Win32
		{D2258A72-8F5E-497B-BBE2-9ACAFE2B1CA6}.Unicode Debug|Win32.ActiveCfg = Debug|Win32
		{D2258A72-8F5E-497B-BBE2-9ACAFE2B1CA6}.Unicode Debug|Win32.Build.0 = Debug|Win32
		{D2258A72-8F5E-497B-BBE2-9ACAFE2B1CA6}.Unicode Release|Win32.ActiveCfg = Release|Win32
		{D2258A72-8F5E-497B-BBE2-9ACAFE2B1CA6}.Unicode Release|Win32.Build.0 = Release|Win32
		{00733EF4-C24A-4217-8358-B2A75BFCF15D}.Debug|Win32.ActiveCfg = Debug|Win32
		{00733EF4-C24A-4217-8358-B2A75BFCF15D}.Debug|Win32.Build.0 = Debug|Win32
		{00733EF4-C24A-4217-8358-B2A75BFCF15D}.Release|Win32.ActiveCfg = Release|Win32
		{00733EF4-C24A-4217-8358-B2A75BFCF15D}.Release|Win32.Build.0 = Release|Win32
		{00733EF4-C24A-4217-8358-B2A75BFCF15D}.Unicode Debug|Win32.ActiveCfg = Debug|Win32
		{00733EF4-C24A-4217-8358-B2A75BFCF15D}.Unicode Debug|Win32.Build.0 = Debug|Win32
		{00733EF4-C24A-4217-8358-B2A75BFCF15D}.Unicode Release|Win32.ActiveCfg = Release|Win32
		{00733EF4-C24A-4217-8358-B2A75BFCF15D}.Unicode Release|Win32.Build.0 = Release|Win32
		{B668D1E0-F0D0-4A7D-8D2D-EB9697C9ECE1}.Debug|Win32.ActiveCfg = Debug|Win32
		{B668D1E0-F0D0-4A7D-8D2D-EB9697C9ECE1}.Debug|Win32.Build.0 = Debug|Win32
		{B668D1E0-F0D0-4A7D-8D2D-EB9697C9ECE1}.Release|Win32.ActiveCfg = Release|Win32
		{B668D1E0-F0D0-4A7D-8D2D-EB9697C9ECE1}.Release|Win32.Build.0 = Release|Win32
		{B668D1E0-F0D0-4A7D-8D2D-EB9697C9ECE1}.Unicode Debug|Win32.ActiveCfg = Debug|Win32
		{B668D1E0-F0D0-4A7D-8D2D-EB9697C9ECE1}.Unicode Debug|Win32.Build.0 = Debug|Win32
		{B668D1E0-F0D0-4A7D-8D2D-EB9697C9ECE1}.Unicode Release|Win32.ActiveCfg = Release|Win32
		{B668D1E0-F0D0-4A7D-8D2D-EB9697C9ECE1}.Unicode Release|Win32.Build.0 = Release|Win32
		{55527689-ED1F-4D4F-A441-E2B9CD745369}.Debug|Win32.ActiveCfg = Debug|Win32
		{55527689-ED1F-4D4F-A441-E2B9CD745369}.Debug|Win32.Build.0 = Debug|Win32
		{55527689-ED1F-4D4F-A441-E2B9CD745369}.Release|Win32.ActiveCfg = Release|Win32
		{55527689-ED1F-4D4F-A441-E2B9CD745369}.Release|Win32.Build.0 = Release|Win32
		{55527689-ED1F-4D4F-A441-E2B9CD745369}.Unicode Debug|Win32.ActiveCfg = Debug|Win32
		{55527689-ED1F-4D4F-A441-E2B9CD745369}.Unicode Debug|Win32.Build.0 = Debug|Win32
		{55527689-ED1F-4D4F-A441-E2B9CD745369}.Unicode Release|Win32.ActiveCfg = Release|Win32
		{55527689-ED1F-4D4F-A441-E2B9CD745369}.Unicode Release|Win32.Build.0 = Release|Win32
		{C4589EF8-8A34-4BCA-9E3C-A72C5C2877D8}.Debug|Win32.ActiveCfg = Debug|Win32
		{C4589EF8-8A34-4BCA-9E3C-A72C5C2877D8}.Debug|Win32.Build.0 = Debug|Win32
		{C4589EF8-8A34-4BCA-9E3C-A72C5C2877D8}.Release|Win32.ActiveCfg = Release|Win32
		{C4589EF8-8A34-4BCA-9E3C-A72C5C2877D8}.Release|Win32.Build.0 = Release|Win32
		{C4589EF8-8A34-4BCA-9E3C-A72C5C2877D8}.Unicode Debug|Win32.ActiveCfg = Debug|Win32
		{C4589EF8-8A34-4BCA-9E3C-A72C5C2877D8}.Unicode Debug|Win32.Build.0 = Debug|Win32
		{C4589EF8-8A34-4BCA-9E3C-A72C5C2877D8}.Unicode Release|Win32.ActiveCfg = Release|Win32
		{C4589EF8-8A34-4BCA-9E3C-A72C5C2877D8}.Unicode Release|Win32.Build.0 = Release|Win32
		{9F3C589F-BB77-4D9E-8437-40B245AAA277}.Debug|Win32.ActiveCfg = Debug|Win32
		{9F3C589F-BB77-4D9E-8437-40B245AAA277}.Debug|Win32.Build.0 = Debug|Win32
		{9F3C589F-BB77-4D9E-8437-40B245AAA277}.Release|Win32.ActiveCfg = Release|Win32
		{9F3C589F-BB77-4D9E-8437-40B245AAA277}.Release|Win32.Build.0 = Release|Win32
		{9F3C589F-BB77-4D9E-8437-40B245AAA277}.Unicode Debug|Win32.ActiveCfg = Debug|Win32
		{9F3C589F-BB77-4D9E-8437-40B245AAA277}.Unicode Debug|Win32.Build.0 = Debug|Win32
		{9F3C589F-BB77-4D9E-8437-40B245AAA277}.Unicode Release|Win32.ActiveCfg = Release|Win32
		{9F3C589F-BB77-4D9E-8437-40B245AAA277}.Unicode Release|Win32.Build.0 = Release|Win32
		{9FA0904A-AF35-4F85-8A7F-B102F35BB792}.Debug|Win32.ActiveCfg = Debug|Win32
		{9FA0904A-AF35-4F85-8A7F-B102F35BB792}.Debug|Win32.Build.0 = Debug|Win32
		{9FA0904A-AF35-4F85-8A7F-B102F35BB792}.Release|Win32.ActiveCfg = Release|Win32
		{9FA0904A-AF35-4F85-8A7F-B102F35BB792}.Release|Win32.Build.0 = Release|Win32
		{9FA0904A-AF35-4F85-8A7F-B102F35BB792}.Unicode Debug|Win32.ActiveCfg = Debug|Win32
		{9FA0904A-AF35-4F85-8A7F-B102F35BB792}.Unicode Debug|Win32.Build.0 = Debug|Win32
		{9FA0904A-AF35-4F85-8A7F-B102F35BB792}.Unicode Release|Win32.ActiveCfg = Release|Win32
		{9FA0904A-AF35-4F85-8A7F-B102F35BB792}.Unicode Release|Win32.Build.0 = Release|Win32
		{CF8042EE-EC0A-49C6-84B2-C91CAF3B84A7}.Debug|Win32.ActiveCfg = Debug|Win32
		{CF8042EE-EC0A-49C6-84B2-C91CAF3B84A7}.Debug|Win32.Build.0 = Debug|Win32
		{CF8042EE-EC0A-49C6-84B2-C91CAF3B84A7}.Release|Win32.ActiveCfg = Release|Win32
		{CF8042EE-EC0A-49C6-84B2-C91CAF3B84A7}.Release|Win32.Build.0 = Release|Win32
		{CF8042EE-EC0A-49C6-84B2-C91CAF3B84A7}.Unicode Debug|Win32.ActiveCfg = Debug|Win32
		{CF8042EE-EC0A-49C6-84B2-C91CAF3B84A7}.Unicode Debug|Win32.Build.0 = Debug|Win32
		{CF8042EE-EC0A-49C6-84B2-C91CAF3B84A7}.Unicode Release|Win32.ActiveCfg = Release|Win32
		{CF8042EE-EC0A-49C6-84B2-C91CAF3B84A7}.Unicode Release|Win32.Build.0 = Release|Win32
	EndGlobalSection
	GlobalSection(SolutionProperties) = preSolution
		HideSolutionNode = FALSE
	EndGlobalSection
EndGlobal
